// !$*UTF8*$!
{
	archiveVersion = 1;
	classes = {
	};
	objectVersion = 50;
	objects = {

/* Begin PBXBuildFile section */
		54A05BB9252FCA07007034B3 /* AppDelegate.swift in Sources */ = {isa = PBXBuildFile; fileRef = 54A05BB8252FCA07007034B3 /* AppDelegate.swift */; };
		54A05BBB252FCA07007034B3 /* SceneDelegate.swift in Sources */ = {isa = PBXBuildFile; fileRef = 54A05BBA252FCA07007034B3 /* SceneDelegate.swift */; };
		54A05BBD252FCA07007034B3 /* ViewController.swift in Sources */ = {isa = PBXBuildFile; fileRef = 54A05BBC252FCA07007034B3 /* ViewController.swift */; };
		54A05BC0252FCA07007034B3 /* Main.storyboard in Resources */ = {isa = PBXBuildFile; fileRef = 54A05BBE252FCA07007034B3 /* Main.storyboard */; };
		54A05BC2252FCA0A007034B3 /* Assets.xcassets in Resources */ = {isa = PBXBuildFile; fileRef = 54A05BC1252FCA0A007034B3 /* Assets.xcassets */; };
		54A05BC5252FCA0A007034B3 /* LaunchScreen.storyboard in Resources */ = {isa = PBXBuildFile; fileRef = 54A05BC3252FCA0A007034B3 /* LaunchScreen.storyboard */; };
		54A05BCF252FCAAB007034B3 /* contatos.json in Resources */ = {isa = PBXBuildFile; fileRef = 54A05BCE252FCAAB007034B3 /* contatos.json */; };
		54A05BD4252FCB1E007034B3 /* ContatosController.swift in Sources */ = {isa = PBXBuildFile; fileRef = 54A05BD3252FCB1E007034B3 /* ContatosController.swift */; };
		54A05BD8252FCB82007034B3 /* ContatosWorker.swift in Sources */ = {isa = PBXBuildFile; fileRef = 54A05BD7252FCB82007034B3 /* ContatosWorker.swift */; };
		54A05BDC252FCC50007034B3 /* Contato.swift in Sources */ = {isa = PBXBuildFile; fileRef = 54A05BDB252FCC50007034B3 /* Contato.swift */; };
/* End PBXBuildFile section */

/* Begin PBXFileReference section */
		54A05BB5252FCA07007034B3 /* Mvc2.app */ = {isa = PBXFileReference; explicitFileType = wrapper.application; includeInIndex = 0; path = Mvc2.app; sourceTree = BUILT_PRODUCTS_DIR; };
		54A05BB8252FCA07007034B3 /* AppDelegate.swift */ = {isa = PBXFileReference; lastKnownFileType = sourcecode.swift; path = AppDelegate.swift; sourceTree = "<group>"; };
		54A05BBA252FCA07007034B3 /* SceneDelegate.swift */ = {isa = PBXFileReference; lastKnownFileType = sourcecode.swift; path = SceneDelegate.swift; sourceTree = "<group>"; };
		54A05BBC252FCA07007034B3 /* ViewController.swift */ = {isa = PBXFileReference; lastKnownFileType = sourcecode.swift; path = ViewController.swift; sourceTree = "<group>"; };
		54A05BBF252FCA07007034B3 /* Base */ = {isa = PBXFileReference; lastKnownFileType = file.storyboard; name = Base; path = Base.lproj/Main.storyboard; sourceTree = "<group>"; };
		54A05BC1252FCA0A007034B3 /* Assets.xcassets */ = {isa = PBXFileReference; lastKnownFileType = folder.assetcatalog; path = Assets.xcassets; sourceTree = "<group>"; };
		54A05BC4252FCA0A007034B3 /* Base */ = {isa = PBXFileReference; lastKnownFileType = file.storyboard; name = Base; path = Base.lproj/LaunchScreen.storyboard; sourceTree = "<group>"; };
		54A05BC6252FCA0A007034B3 /* Info.plist */ = {isa = PBXFileReference; lastKnownFileType = text.plist.xml; path = Info.plist; sourceTree = "<group>"; };
		54A05BCE252FCAAB007034B3 /* contatos.json */ = {isa = PBXFileReference; fileEncoding = 4; lastKnownFileType = text.json; name = contatos.json; path = ../../../../../../Downloads/contatos.json; sourceTree = "<group>"; };
		54A05BD3252FCB1E007034B3 /* ContatosController.swift */ = {isa = PBXFileReference; lastKnownFileType = sourcecode.swift; path = ContatosController.swift; sourceTree = "<group>"; };
		54A05BD7252FCB82007034B3 /* ContatosWorker.swift */ = {isa = PBXFileReference; lastKnownFileType = sourcecode.swift; path = ContatosWorker.swift; sourceTree = "<group>"; };
		54A05BDB252FCC50007034B3 /* Contato.swift */ = {isa = PBXFileReference; lastKnownFileType = sourcecode.swift; path = Contato.swift; sourceTree = "<group>"; };
/* End PBXFileReference section */

/* Begin PBXFrameworksBuildPhase section */
		54A05BB2252FCA07007034B3 /* Frameworks */ = {
			isa = PBXFrameworksBuildPhase;
			buildActionMask = 2147483647;
			files = (
			);
			runOnlyForDeploymentPostprocessing = 0;
		};
/* End PBXFrameworksBuildPhase section */

/* Begin PBXGroup section */
		54A05BAC252FCA07007034B3 = {
			isa = PBXGroup;
			children = (
				54A05BB7252FCA07007034B3 /* Mvc2 */,
				54A05BB6252FCA07007034B3 /* Products */,
			);
			sourceTree = "<group>";
		};
		54A05BB6252FCA07007034B3 /* Products */ = {
			isa = PBXGroup;
			children = (
				54A05BB5252FCA07007034B3 /* Mvc2.app */,
			);
			name = Products;
			sourceTree = "<group>";
		};
		54A05BB7252FCA07007034B3 /* Mvc2 */ = {
			isa = PBXGroup;
			children = (
				54A05BDA252FCC37007034B3 /* Model */,
				54A05BD6252FCB3A007034B3 /* Network */,
				54A05BD2252FCAE9007034B3 /* Controller */,
				54A05BD1252FCAD4007034B3 /* View */,
				54A05BCD252FCA85007034B3 /* Mock */,
				54A05BB8252FCA07007034B3 /* AppDelegate.swift */,
				54A05BBA252FCA07007034B3 /* SceneDelegate.swift */,
				54A05BBE252FCA07007034B3 /* Main.storyboard */,
				54A05BC1252FCA0A007034B3 /* Assets.xcassets */,
				54A05BC3252FCA0A007034B3 /* LaunchScreen.storyboard */,
				54A05BC6252FCA0A007034B3 /* Info.plist */,
			);
			path = Mvc2;
			sourceTree = "<group>";
		};
		54A05BCD252FCA85007034B3 /* Mock */ = {
			isa = PBXGroup;
			children = (
				54A05BCE252FCAAB007034B3 /* contatos.json */,
			);
			path = Mock;
			sourceTree = "<group>";
		};
		54A05BD1252FCAD4007034B3 /* View */ = {
			isa = PBXGroup;
			children = (
				54A05BBC252FCA07007034B3 /* ViewController.swift */,
			);
			path = View;
			sourceTree = "<group>";
		};
		54A05BD2252FCAE9007034B3 /* Controller */ = {
			isa = PBXGroup;
			children = (
				54A05BD3252FCB1E007034B3 /* ContatosController.swift */,
			);
			path = Controller;
			sourceTree = "<group>";
		};
		54A05BD6252FCB3A007034B3 /* Network */ = {
			isa = PBXGroup;
			children = (
				54A05BD7252FCB82007034B3 /* ContatosWorker.swift */,
			);
			path = Network;
			sourceTree = "<group>";
		};
		54A05BDA252FCC37007034B3 /* Model */ = {
			isa = PBXGroup;
			children = (
				54A05BDB252FCC50007034B3 /* Contato.swift */,
			);
			path = Model;
			sourceTree = "<group>";
		};
/* End PBXGroup section */

/* Begin PBXNativeTarget section */
		54A05BB4252FCA07007034B3 /* Mvc2 */ = {
			isa = PBXNativeTarget;
			buildConfigurationList = 54A05BC9252FCA0A007034B3 /* Build configuration list for PBXNativeTarget "Mvc2" */;
			buildPhases = (
				54A05BB1252FCA07007034B3 /* Sources */,
				54A05BB2252FCA07007034B3 /* Frameworks */,
				54A05BB3252FCA07007034B3 /* Resources */,
			);
			buildRules = (
			);
			dependencies = (
			);
			name = Mvc2;
			productName = Mvc2;
			productReference = 54A05BB5252FCA07007034B3 /* Mvc2.app */;
			productType = "com.apple.product-type.application";
		};
/* End PBXNativeTarget section */

/* Begin PBXProject section */
		54A05BAD252FCA07007034B3 /* Project object */ = {
			isa = PBXProject;
			attributes = {
				LastSwiftUpdateCheck = 1200;
				LastUpgradeCheck = 1200;
				TargetAttributes = {
					54A05BB4252FCA07007034B3 = {
						CreatedOnToolsVersion = 12.0;
					};
				};
			};
			buildConfigurationList = 54A05BB0252FCA07007034B3 /* Build configuration list for PBXProject "Mvc2" */;
			compatibilityVersion = "Xcode 9.3";
			developmentRegion = en;
			hasScannedForEncodings = 0;
			knownRegions = (
				en,
				Base,
			);
			mainGroup = 54A05BAC252FCA07007034B3;
			productRefGroup = 54A05BB6252FCA07007034B3 /* Products */;
			projectDirPath = "";
			projectRoot = "";
			targets = (
				54A05BB4252FCA07007034B3 /* Mvc2 */,
			);
		};
/* End PBXProject section */

/* Begin PBXResourcesBuildPhase section */
		54A05BB3252FCA07007034B3 /* Resources */ = {
			isa = PBXResourcesBuildPhase;
			buildActionMask = 2147483647;
			files = (
				54A05BCF252FCAAB007034B3 /* contatos.json in Resources */,
				54A05BC5252FCA0A007034B3 /* LaunchScreen.storyboard in Resources */,
				54A05BC2252FCA0A007034B3 /* Assets.xcassets in Resources */,
				54A05BC0252FCA07007034B3 /* Main.storyboard in Resources */,
			);
			runOnlyForDeploymentPostprocessing = 0;
		};
/* End PBXResourcesBuildPhase section */

/* Begin PBXSourcesBuildPhase section */
		54A05BB1252FCA07007034B3 /* Sources */ = {
			isa = PBXSourcesBuildPhase;
			buildActionMask = 2147483647;
			files = (
				54A05BDC252FCC50007034B3 /* Contato.swift in Sources */,
				54A05BBD252FCA07007034B3 /* ViewController.swift in Sources */,
				54A05BD8252FCB82007034B3 /* ContatosWorker.swift in Sources */,
				54A05BB9252FCA07007034B3 /* AppDelegate.swift in Sources */,
				54A05BD4252FCB1E007034B3 /* ContatosController.swift in Sources */,
				54A05BBB252FCA07007034B3 /* SceneDelegate.swift in Sources */,
			);
			runOnlyForDeploymentPostprocessing = 0;
		};
/* End PBXSourcesBuildPhase section */

/* Begin PBXVariantGroup section */
		54A05BBE252FCA07007034B3 /* Main.storyboard */ = {
			isa = PBXVariantGroup;
			children = (
				54A05BBF252FCA07007034B3 /* Base */,
			);
			name = Main.storyboard;
			sourceTree = "<group>";
		};
		54A05BC3252FCA0A007034B3 /* LaunchScreen.storyboard */ = {
			isa = PBXVariantGroup;
			children = (
				54A05BC4252FCA0A007034B3 /* Base */,
			);
			name = LaunchScreen.storyboard;
			sourceTree = "<group>";
		};
/* End PBXVariantGroup section */

/* Begin XCBuildConfiguration section */
		54A05BC7252FCA0A007034B3 /* Debug */ = {
			isa = XCBuildConfiguration;
			buildSettings = {
				ALWAYS_SEARCH_USER_PATHS = NO;
				CLANG_ANALYZER_NONNULL = YES;
				CLANG_ANALYZER_NUMBER_OBJECT_CONVERSION = YES_AGGRESSIVE;
				CLANG_CXX_LANGUAGE_STANDARD = "gnu++14";
				CLANG_CXX_LIBRARY = "libc++";
				CLANG_ENABLE_MODULES = YES;
				CLANG_ENABLE_OBJC_ARC = YES;
				CLANG_ENABLE_OBJC_WEAK = YES;
				CLANG_WARN_BLOCK_CAPTURE_AUTORELEASING = YES;
				CLANG_WARN_BOOL_CONVERSION = YES;
				CLANG_WARN_COMMA = YES;
				CLANG_WARN_CONSTANT_CONVERSION = YES;
				CLANG_WARN_DEPRECATED_OBJC_IMPLEMENTATIONS = YES;
				CLANG_WARN_DIRECT_OBJC_ISA_USAGE = YES_ERROR;
				CLANG_WARN_DOCUMENTATION_COMMENTS = YES;
				CLANG_WARN_EMPTY_BODY = YES;
				CLANG_WARN_ENUM_CONVERSION = YES;
				CLANG_WARN_INFINITE_RECURSION = YES;
				CLANG_WARN_INT_CONVERSION = YES;
				CLANG_WARN_NON_LITERAL_NULL_CONVERSION = YES;
				CLANG_WARN_OBJC_IMPLICIT_RETAIN_SELF = YES;
				CLANG_WARN_OBJC_LITERAL_CONVERSION = YES;
				CLANG_WARN_OBJC_ROOT_CLASS = YES_ERROR;
				CLANG_WARN_QUOTED_INCLUDE_IN_FRAMEWORK_HEADER = YES;
				CLANG_WARN_RANGE_LOOP_ANALYSIS = YES;
				CLANG_WARN_STRICT_PROTOTYPES = YES;
				CLANG_WARN_SUSPICIOUS_MOVE = YES;
				CLANG_WARN_UNGUARDED_AVAILABILITY = YES_AGGRESSIVE;
				CLANG_WARN_UNREACHABLE_CODE = YES;
				CLANG_WARN__DUPLICATE_METHOD_MATCH = YES;
				COPY_PHASE_STRIP = NO;
				DEBUG_INFORMATION_FORMAT = dwarf;
				ENABLE_STRICT_OBJC_MSGSEND = YES;
				ENABLE_TESTABILITY = YES;
				GCC_C_LANGUAGE_STANDARD = gnu11;
				GCC_DYNAMIC_NO_PIC = NO;
				GCC_NO_COMMON_BLOCKS = YES;
				GCC_OPTIMIZATION_LEVEL = 0;
				GCC_PREPROCESSOR_DEFINITIONS = (
					"DEBUG=1",
					"$(inherited)",
				);
				GCC_WARN_64_TO_32_BIT_CONVERSION = YES;
				GCC_WARN_ABOUT_RETURN_TYPE = YES_ERROR;
				GCC_WARN_UNDECLARED_SELECTOR = YES;
				GCC_WARN_UNINITIALIZED_AUTOS = YES_AGGRESSIVE;
				GCC_WARN_UNUSED_FUNCTION = YES;
				GCC_WARN_UNUSED_VARIABLE = YES;
				IPHONEOS_DEPLOYMENT_TARGET = 14.0;
				MTL_ENABLE_DEBUG_INFO = INCLUDE_SOURCE;
				MTL_FAST_MATH = YES;
				ONLY_ACTIVE_ARCH = YES;
				SDKROOT = iphoneos;
				SWIFT_ACTIVE_COMPILATION_CONDITIONS = DEBUG;
				SWIFT_OPTIMIZATION_LEVEL = "-Onone";
			};
			name = Debug;
		};
		54A05BC8252FCA0A007034B3 /* Release */ = {
			isa = XCBuildConfiguration;
			buildSettings = {
				ALWAYS_SEARCH_USER_PATHS = NO;
				CLANG_ANALYZER_NONNULL = YES;
				CLANG_ANALYZER_NUMBER_OBJECT_CONVERSION = YES_AGGRESSIVE;
				CLANG_CXX_LANGUAGE_STANDARD = "gnu++14";
				CLANG_CXX_LIBRARY = "libc++";
				CLANG_ENABLE_MODULES = YES;
				CLANG_ENABLE_OBJC_ARC = YES;
				CLANG_ENABLE_OBJC_WEAK = YES;
				CLANG_WARN_BLOCK_CAPTURE_AUTORELEASING = YES;
				CLANG_WARN_BOOL_CONVERSION = YES;
				CLANG_WARN_COMMA = YES;
				CLANG_WARN_CONSTANT_CONVERSION = YES;
				CLANG_WARN_DEPRECATED_OBJC_IMPLEMENTATIONS = YES;
				CLANG_WARN_DIRECT_OBJC_ISA_USAGE = YES_ERROR;
				CLANG_WARN_DOCUMENTATION_COMMENTS = YES;
				CLANG_WARN_EMPTY_BODY = YES;
				CLANG_WARN_ENUM_CONVERSION = YES;
				CLANG_WARN_INFINITE_RECURSION = YES;
				CLANG_WARN_INT_CONVERSION = YES;
				CLANG_WARN_NON_LITERAL_NULL_CONVERSION = YES;
				CLANG_WARN_OBJC_IMPLICIT_RETAIN_SELF = YES;
				CLANG_WARN_OBJC_LITERAL_CONVERSION = YES;
				CLANG_WARN_OBJC_ROOT_CLASS = YES_ERROR;
				CLANG_WARN_QUOTED_INCLUDE_IN_FRAMEWORK_HEADER = YES;
				CLANG_WARN_RANGE_LOOP_ANALYSIS = YES;
				CLANG_WARN_STRICT_PROTOTYPES = YES;
				CLANG_WARN_SUSPICIOUS_MOVE = YES;
				CLANG_WARN_UNGUARDED_AVAILABILITY = YES_AGGRESSIVE;
				CLANG_WARN_UNREACHABLE_CODE = YES;
				CLANG_WARN__DUPLICATE_METHOD_MATCH = YES;
				COPY_PHASE_STRIP = NO;
				DEBUG_INFORMATION_FORMAT = "dwarf-with-dsym";
				ENABLE_NS_ASSERTIONS = NO;
				ENABLE_STRICT_OBJC_MSGSEND = YES;
				GCC_C_LANGUAGE_STANDARD = gnu11;
				GCC_NO_COMMON_BLOCKS = YES;
				GCC_WARN_64_TO_32_BIT_CONVERSION = YES;
				GCC_WARN_ABOUT_RETURN_TYPE = YES_ERROR;
				GCC_WARN_UNDECLARED_SELECTOR = YES;
				GCC_WARN_UNINITIALIZED_AUTOS = YES_AGGRESSIVE;
				GCC_WARN_UNUSED_FUNCTION = YES;
				GCC_WARN_UNUSED_VARIABLE = YES;
				IPHONEOS_DEPLOYMENT_TARGET = 14.0;
				MTL_ENABLE_DEBUG_INFO = NO;
				MTL_FAST_MATH = YES;
				SDKROOT = iphoneos;
				SWIFT_COMPILATION_MODE = wholemodule;
				SWIFT_OPTIMIZATION_LEVEL = "-O";
				VALIDATE_PRODUCT = YES;
			};
			name = Release;
		};
		54A05BCA252FCA0A007034B3 /* Debug */ = {
			isa = XCBuildConfiguration;
			buildSettings = {
				ASSETCATALOG_COMPILER_APPICON_NAME = AppIcon;
				ASSETCATALOG_COMPILER_GLOBAL_ACCENT_COLOR_NAME = AccentColor;
				CODE_SIGN_STYLE = Automatic;
				INFOPLIST_FILE = Mvc2/Info.plist;
				LD_RUNPATH_SEARCH_PATHS = (
					"$(inherited)",
					"@executable_path/Frameworks",
				);
				PRODUCT_BUNDLE_IDENTIFIER = "Digital-House.Mvc2";
				PRODUCT_NAME = "$(TARGET_NAME)";
				SWIFT_VERSION = 5.0;
				TARGETED_DEVICE_FAMILY = "1,2";
			};
			name = Debug;
		};
		54A05BCB252FCA0A007034B3 /* Release */ = {
			isa = XCBuildConfiguration;
			buildSettings = {
				ASSETCATALOG_COMPILER_APPICON_NAME = AppIcon;
				ASSETCATALOG_COMPILER_GLOBAL_ACCENT_COLOR_NAME = AccentColor;
				CODE_SIGN_STYLE = Automatic;
				INFOPLIST_FILE = Mvc2/Info.plist;
				LD_RUNPATH_SEARCH_PATHS = (
					"$(inherited)",
					"@executable_path/Frameworks",
				);
				PRODUCT_BUNDLE_IDENTIFIER = "Digital-House.Mvc2";
				PRODUCT_NAME = "$(TARGET_NAME)";
				SWIFT_VERSION = 5.0;
				TARGETED_DEVICE_FAMILY = "1,2";
			};
			name = Release;
		};
/* End XCBuildConfiguration section */

/* Begin XCConfigurationList section */
		54A05BB0252FCA07007034B3 /* Build configuration list for PBXProject "Mvc2" */ = {
			isa = XCConfigurationList;
			buildConfigurations = (
				54A05BC7252FCA0A007034B3 /* Debug */,
				54A05BC8252FCA0A007034B3 /* Release */,
			);
			defaultConfigurationIsVisible = 0;
			defaultConfigurationName = Release;
		};
		54A05BC9252FCA0A007034B3 /* Build configuration list for PBXNativeTarget "Mvc2" */ = {
			isa = XCConfigurationList;
			buildConfigurations = (
				54A05BCA252FCA0A007034B3 /* Debug */,
				54A05BCB252FCA0A007034B3 /* Release */,
			);
			defaultConfigurationIsVisible = 0;
			defaultConfigurationName = Release;
		};
/* End XCConfigurationList section */
	};
	rootObject = 54A05BAD252FCA07007034B3 /* Project object */;
}
