// !$*UTF8*$!
{
	archiveVersion = 1;
	classes = {
	};
	objectVersion = 50;
	objects = {

/* Begin PBXBuildFile section */
		540CF2B024EF2CF7003C0AA9 /* AppDelegate.swift in Sources */ = {isa = PBXBuildFile; fileRef = 540CF2AF24EF2CF7003C0AA9 /* AppDelegate.swift */; };
		540CF2B224EF2CF7003C0AA9 /* SceneDelegate.swift in Sources */ = {isa = PBXBuildFile; fileRef = 540CF2B124EF2CF7003C0AA9 /* SceneDelegate.swift */; };
		540CF2B424EF2CF7003C0AA9 /* ViewController.swift in Sources */ = {isa = PBXBuildFile; fileRef = 540CF2B324EF2CF7003C0AA9 /* ViewController.swift */; };
		540CF2B724EF2CF8003C0AA9 /* Main.storyboard in Resources */ = {isa = PBXBuildFile; fileRef = 540CF2B524EF2CF8003C0AA9 /* Main.storyboard */; };
		540CF2B924EF2CFB003C0AA9 /* Assets.xcassets in Resources */ = {isa = PBXBuildFile; fileRef = 540CF2B824EF2CFB003C0AA9 /* Assets.xcassets */; };
		540CF2BC24EF2CFB003C0AA9 /* LaunchScreen.storyboard in Resources */ = {isa = PBXBuildFile; fileRef = 540CF2BA24EF2CFB003C0AA9 /* LaunchScreen.storyboard */; };
		540CF2C424EF33A5003C0AA9 /* AddViewController.swift in Sources */ = {isa = PBXBuildFile; fileRef = 540CF2C324EF33A5003C0AA9 /* AddViewController.swift */; };
		54D5663724F5E5C5002B06F0 /* Produto.swift in Sources */ = {isa = PBXBuildFile; fileRef = 54D5663624F5E5C5002B06F0 /* Produto.swift */; };
/* End PBXBuildFile section */

/* Begin PBXFileReference section */
		540CF2AC24EF2CF7003C0AA9 /* SuperList.app */ = {isa = PBXFileReference; explicitFileType = wrapper.application; includeInIndex = 0; path = SuperList.app; sourceTree = BUILT_PRODUCTS_DIR; };
		540CF2AF24EF2CF7003C0AA9 /* AppDelegate.swift */ = {isa = PBXFileReference; lastKnownFileType = sourcecode.swift; path = AppDelegate.swift; sourceTree = "<group>"; };
		540CF2B124EF2CF7003C0AA9 /* SceneDelegate.swift */ = {isa = PBXFileReference; lastKnownFileType = sourcecode.swift; path = SceneDelegate.swift; sourceTree = "<group>"; };
		540CF2B324EF2CF7003C0AA9 /* ViewController.swift */ = {isa = PBXFileReference; lastKnownFileType = sourcecode.swift; path = ViewController.swift; sourceTree = "<group>"; };
		540CF2B624EF2CF8003C0AA9 /* Base */ = {isa = PBXFileReference; lastKnownFileType = file.storyboard; name = Base; path = Base.lproj/Main.storyboard; sourceTree = "<group>"; };
		540CF2B824EF2CFB003C0AA9 /* Assets.xcassets */ = {isa = PBXFileReference; lastKnownFileType = folder.assetcatalog; path = Assets.xcassets; sourceTree = "<group>"; };
		540CF2BB24EF2CFB003C0AA9 /* Base */ = {isa = PBXFileReference; lastKnownFileType = file.storyboard; name = Base; path = Base.lproj/LaunchScreen.storyboard; sourceTree = "<group>"; };
		540CF2BD24EF2CFB003C0AA9 /* Info.plist */ = {isa = PBXFileReference; lastKnownFileType = text.plist.xml; path = Info.plist; sourceTree = "<group>"; };
		540CF2C324EF33A5003C0AA9 /* AddViewController.swift */ = {isa = PBXFileReference; lastKnownFileType = sourcecode.swift; path = AddViewController.swift; sourceTree = "<group>"; };
		54D5663624F5E5C5002B06F0 /* Produto.swift */ = {isa = PBXFileReference; lastKnownFileType = sourcecode.swift; path = Produto.swift; sourceTree = "<group>"; };
/* End PBXFileReference section */

/* Begin PBXFrameworksBuildPhase section */
		540CF2A924EF2CF7003C0AA9 /* Frameworks */ = {
			isa = PBXFrameworksBuildPhase;
			buildActionMask = 2147483647;
			files = (
			);
			runOnlyForDeploymentPostprocessing = 0;
		};
/* End PBXFrameworksBuildPhase section */

/* Begin PBXGroup section */
		540CF2A324EF2CF7003C0AA9 = {
			isa = PBXGroup;
			children = (
				540CF2AE24EF2CF7003C0AA9 /* SuperList */,
				540CF2AD24EF2CF7003C0AA9 /* Products */,
			);
			sourceTree = "<group>";
		};
		540CF2AD24EF2CF7003C0AA9 /* Products */ = {
			isa = PBXGroup;
			children = (
				540CF2AC24EF2CF7003C0AA9 /* SuperList.app */,
			);
			name = Products;
			sourceTree = "<group>";
		};
		540CF2AE24EF2CF7003C0AA9 /* SuperList */ = {
			isa = PBXGroup;
			children = (
				540CF2AF24EF2CF7003C0AA9 /* AppDelegate.swift */,
				540CF2B124EF2CF7003C0AA9 /* SceneDelegate.swift */,
				540CF2B324EF2CF7003C0AA9 /* ViewController.swift */,
				540CF2C324EF33A5003C0AA9 /* AddViewController.swift */,
				54D5663624F5E5C5002B06F0 /* Produto.swift */,
				540CF2B524EF2CF8003C0AA9 /* Main.storyboard */,
				540CF2B824EF2CFB003C0AA9 /* Assets.xcassets */,
				540CF2BA24EF2CFB003C0AA9 /* LaunchScreen.storyboard */,
				540CF2BD24EF2CFB003C0AA9 /* Info.plist */,
			);
			path = SuperList;
			sourceTree = "<group>";
		};
/* End PBXGroup section */

/* Begin PBXNativeTarget section */
		540CF2AB24EF2CF7003C0AA9 /* SuperList */ = {
			isa = PBXNativeTarget;
			buildConfigurationList = 540CF2C024EF2CFB003C0AA9 /* Build configuration list for PBXNativeTarget "SuperList" */;
			buildPhases = (
				540CF2A824EF2CF7003C0AA9 /* Sources */,
				540CF2A924EF2CF7003C0AA9 /* Frameworks */,
				540CF2AA24EF2CF7003C0AA9 /* Resources */,
			);
			buildRules = (
			);
			dependencies = (
			);
			name = SuperList;
			productName = SuperList;
			productReference = 540CF2AC24EF2CF7003C0AA9 /* SuperList.app */;
			productType = "com.apple.product-type.application";
		};
/* End PBXNativeTarget section */

/* Begin PBXProject section */
		540CF2A424EF2CF7003C0AA9 /* Project object */ = {
			isa = PBXProject;
			attributes = {
				LastSwiftUpdateCheck = 1160;
				LastUpgradeCheck = 1160;
				ORGANIZATIONNAME = "Digital House";
				TargetAttributes = {
					540CF2AB24EF2CF7003C0AA9 = {
						CreatedOnToolsVersion = 11.6;
					};
				};
			};
			buildConfigurationList = 540CF2A724EF2CF7003C0AA9 /* Build configuration list for PBXProject "SuperList" */;
			compatibilityVersion = "Xcode 9.3";
			developmentRegion = en;
			hasScannedForEncodings = 0;
			knownRegions = (
				en,
				Base,
			);
			mainGroup = 540CF2A324EF2CF7003C0AA9;
			productRefGroup = 540CF2AD24EF2CF7003C0AA9 /* Products */;
			projectDirPath = "";
			projectRoot = "";
			targets = (
				540CF2AB24EF2CF7003C0AA9 /* SuperList */,
			);
		};
/* End PBXProject section */

/* Begin PBXResourcesBuildPhase section */
		540CF2AA24EF2CF7003C0AA9 /* Resources */ = {
			isa = PBXResourcesBuildPhase;
			buildActionMask = 2147483647;
			files = (
				540CF2BC24EF2CFB003C0AA9 /* LaunchScreen.storyboard in Resources */,
				540CF2B924EF2CFB003C0AA9 /* Assets.xcassets in Resources */,
				540CF2B724EF2CF8003C0AA9 /* Main.storyboard in Resources */,
			);
			runOnlyForDeploymentPostprocessing = 0;
		};
/* End PBXResourcesBuildPhase section */

/* Begin PBXSourcesBuildPhase section */
		540CF2A824EF2CF7003C0AA9 /* Sources */ = {
			isa = PBXSourcesBuildPhase;
			buildActionMask = 2147483647;
			files = (
				540CF2B424EF2CF7003C0AA9 /* ViewController.swift in Sources */,
				540CF2B024EF2CF7003C0AA9 /* AppDelegate.swift in Sources */,
				540CF2C424EF33A5003C0AA9 /* AddViewController.swift in Sources */,
				54D5663724F5E5C5002B06F0 /* Produto.swift in Sources */,
				540CF2B224EF2CF7003C0AA9 /* SceneDelegate.swift in Sources */,
			);
			runOnlyForDeploymentPostprocessing = 0;
		};
/* End PBXSourcesBuildPhase section */

/* Begin PBXVariantGroup section */
		540CF2B524EF2CF8003C0AA9 /* Main.storyboard */ = {
			isa = PBXVariantGroup;
			children = (
				540CF2B624EF2CF8003C0AA9 /* Base */,
			);
			name = Main.storyboard;
			sourceTree = "<group>";
		};
		540CF2BA24EF2CFB003C0AA9 /* LaunchScreen.storyboard */ = {
			isa = PBXVariantGroup;
			children = (
				540CF2BB24EF2CFB003C0AA9 /* Base */,
			);
			name = LaunchScreen.storyboard;
			sourceTree = "<group>";
		};
/* End PBXVariantGroup section */

/* Begin XCBuildConfiguration section */
		540CF2BE24EF2CFB003C0AA9 /* Debug */ = {
			isa = XCBuildConfiguration;
			buildSettings = {
				ALWAYS_SEARCH_USER_PATHS = NO;
				CLANG_ANALYZER_NONNULL = YES;
				CLANG_ANALYZER_NUMBER_OBJECT_CONVERSION = YES_AGGRESSIVE;
				CLANG_CXX_LANGUAGE_STANDARD = "gnu++14";
				CLANG_CXX_LIBRARY = "libc++";
				CLANG_ENABLE_MODULES = YES;
				CLANG_ENABLE_OBJC_ARC = YES;
				CLANG_ENABLE_OBJC_WEAK = YES;
				CLANG_WARN_BLOCK_CAPTURE_AUTORELEASING = YES;
				CLANG_WARN_BOOL_CONVERSION = YES;
				CLANG_WARN_COMMA = YES;
				CLANG_WARN_CONSTANT_CONVERSION = YES;
				CLANG_WARN_DEPRECATED_OBJC_IMPLEMENTATIONS = YES;
				CLANG_WARN_DIRECT_OBJC_ISA_USAGE = YES_ERROR;
				CLANG_WARN_DOCUMENTATION_COMMENTS = YES;
				CLANG_WARN_EMPTY_BODY = YES;
				CLANG_WARN_ENUM_CONVERSION = YES;
				CLANG_WARN_INFINITE_RECURSION = YES;
				CLANG_WARN_INT_CONVERSION = YES;
				CLANG_WARN_NON_LITERAL_NULL_CONVERSION = YES;
				CLANG_WARN_OBJC_IMPLICIT_RETAIN_SELF = YES;
				CLANG_WARN_OBJC_LITERAL_CONVERSION = YES;
				CLANG_WARN_OBJC_ROOT_CLASS = YES_ERROR;
				CLANG_WARN_RANGE_LOOP_ANALYSIS = YES;
				CLANG_WARN_STRICT_PROTOTYPES = YES;
				CLANG_WARN_SUSPICIOUS_MOVE = YES;
				CLANG_WARN_UNGUARDED_AVAILABILITY = YES_AGGRESSIVE;
				CLANG_WARN_UNREACHABLE_CODE = YES;
				CLANG_WARN__DUPLICATE_METHOD_MATCH = YES;
				COPY_PHASE_STRIP = NO;
				DEBUG_INFORMATION_FORMAT = dwarf;
				ENABLE_STRICT_OBJC_MSGSEND = YES;
				ENABLE_TESTABILITY = YES;
				GCC_C_LANGUAGE_STANDARD = gnu11;
				GCC_DYNAMIC_NO_PIC = NO;
				GCC_NO_COMMON_BLOCKS = YES;
				GCC_OPTIMIZATION_LEVEL = 0;
				GCC_PREPROCESSOR_DEFINITIONS = (
					"DEBUG=1",
					"$(inherited)",
				);
				GCC_WARN_64_TO_32_BIT_CONVERSION = YES;
				GCC_WARN_ABOUT_RETURN_TYPE = YES_ERROR;
				GCC_WARN_UNDECLARED_SELECTOR = YES;
				GCC_WARN_UNINITIALIZED_AUTOS = YES_AGGRESSIVE;
				GCC_WARN_UNUSED_FUNCTION = YES;
				GCC_WARN_UNUSED_VARIABLE = YES;
				IPHONEOS_DEPLOYMENT_TARGET = 13.6;
				MTL_ENABLE_DEBUG_INFO = INCLUDE_SOURCE;
				MTL_FAST_MATH = YES;
				ONLY_ACTIVE_ARCH = YES;
				SDKROOT = iphoneos;
				SWIFT_ACTIVE_COMPILATION_CONDITIONS = DEBUG;
				SWIFT_OPTIMIZATION_LEVEL = "-Onone";
			};
			name = Debug;
		};
		540CF2BF24EF2CFB003C0AA9 /* Release */ = {
			isa = XCBuildConfiguration;
			buildSettings = {
				ALWAYS_SEARCH_USER_PATHS = NO;
				CLANG_ANALYZER_NONNULL = YES;
				CLANG_ANALYZER_NUMBER_OBJECT_CONVERSION = YES_AGGRESSIVE;
				CLANG_CXX_LANGUAGE_STANDARD = "gnu++14";
				CLANG_CXX_LIBRARY = "libc++";
				CLANG_ENABLE_MODULES = YES;
				CLANG_ENABLE_OBJC_ARC = YES;
				CLANG_ENABLE_OBJC_WEAK = YES;
				CLANG_WARN_BLOCK_CAPTURE_AUTORELEASING = YES;
				CLANG_WARN_BOOL_CONVERSION = YES;
				CLANG_WARN_COMMA = YES;
				CLANG_WARN_CONSTANT_CONVERSION = YES;
				CLANG_WARN_DEPRECATED_OBJC_IMPLEMENTATIONS = YES;
				CLANG_WARN_DIRECT_OBJC_ISA_USAGE = YES_ERROR;
				CLANG_WARN_DOCUMENTATION_COMMENTS = YES;
				CLANG_WARN_EMPTY_BODY = YES;
				CLANG_WARN_ENUM_CONVERSION = YES;
				CLANG_WARN_INFINITE_RECURSION = YES;
				CLANG_WARN_INT_CONVERSION = YES;
				CLANG_WARN_NON_LITERAL_NULL_CONVERSION = YES;
				CLANG_WARN_OBJC_IMPLICIT_RETAIN_SELF = YES;
				CLANG_WARN_OBJC_LITERAL_CONVERSION = YES;
				CLANG_WARN_OBJC_ROOT_CLASS = YES_ERROR;
				CLANG_WARN_RANGE_LOOP_ANALYSIS = YES;
				CLANG_WARN_STRICT_PROTOTYPES = YES;
				CLANG_WARN_SUSPICIOUS_MOVE = YES;
				CLANG_WARN_UNGUARDED_AVAILABILITY = YES_AGGRESSIVE;
				CLANG_WARN_UNREACHABLE_CODE = YES;
				CLANG_WARN__DUPLICATE_METHOD_MATCH = YES;
				COPY_PHASE_STRIP = NO;
				DEBUG_INFORMATION_FORMAT = "dwarf-with-dsym";
				ENABLE_NS_ASSERTIONS = NO;
				ENABLE_STRICT_OBJC_MSGSEND = YES;
				GCC_C_LANGUAGE_STANDARD = gnu11;
				GCC_NO_COMMON_BLOCKS = YES;
				GCC_WARN_64_TO_32_BIT_CONVERSION = YES;
				GCC_WARN_ABOUT_RETURN_TYPE = YES_ERROR;
				GCC_WARN_UNDECLARED_SELECTOR = YES;
				GCC_WARN_UNINITIALIZED_AUTOS = YES_AGGRESSIVE;
				GCC_WARN_UNUSED_FUNCTION = YES;
				GCC_WARN_UNUSED_VARIABLE = YES;
				IPHONEOS_DEPLOYMENT_TARGET = 13.6;
				MTL_ENABLE_DEBUG_INFO = NO;
				MTL_FAST_MATH = YES;
				SDKROOT = iphoneos;
				SWIFT_COMPILATION_MODE = wholemodule;
				SWIFT_OPTIMIZATION_LEVEL = "-O";
				VALIDATE_PRODUCT = YES;
			};
			name = Release;
		};
		540CF2C124EF2CFB003C0AA9 /* Debug */ = {
			isa = XCBuildConfiguration;
			buildSettings = {
				ASSETCATALOG_COMPILER_APPICON_NAME = AppIcon;
				CODE_SIGN_STYLE = Automatic;
				INFOPLIST_FILE = SuperList/Info.plist;
				LD_RUNPATH_SEARCH_PATHS = (
					"$(inherited)",
					"@executable_path/Frameworks",
				);
				PRODUCT_BUNDLE_IDENTIFIER = "Digital-House.SuperList";
				PRODUCT_NAME = "$(TARGET_NAME)";
				SWIFT_VERSION = 5.0;
				TARGETED_DEVICE_FAMILY = "1,2";
			};
			name = Debug;
		};
		540CF2C224EF2CFB003C0AA9 /* Release */ = {
			isa = XCBuildConfiguration;
			buildSettings = {
				ASSETCATALOG_COMPILER_APPICON_NAME = AppIcon;
				CODE_SIGN_STYLE = Automatic;
				INFOPLIST_FILE = SuperList/Info.plist;
				LD_RUNPATH_SEARCH_PATHS = (
					"$(inherited)",
					"@executable_path/Frameworks",
				);
				PRODUCT_BUNDLE_IDENTIFIER = "Digital-House.SuperList";
				PRODUCT_NAME = "$(TARGET_NAME)";
				SWIFT_VERSION = 5.0;
				TARGETED_DEVICE_FAMILY = "1,2";
			};
			name = Release;
		};
/* End XCBuildConfiguration section */

/* Begin XCConfigurationList section */
		540CF2A724EF2CF7003C0AA9 /* Build configuration list for PBXProject "SuperList" */ = {
			isa = XCConfigurationList;
			buildConfigurations = (
				540CF2BE24EF2CFB003C0AA9 /* Debug */,
				540CF2BF24EF2CFB003C0AA9 /* Release */,
			);
			defaultConfigurationIsVisible = 0;
			defaultConfigurationName = Release;
		};
		540CF2C024EF2CFB003C0AA9 /* Build configuration list for PBXNativeTarget "SuperList" */ = {
			isa = XCConfigurationList;
			buildConfigurations = (
				540CF2C124EF2CFB003C0AA9 /* Debug */,
				540CF2C224EF2CFB003C0AA9 /* Release */,
			);
			defaultConfigurationIsVisible = 0;
			defaultConfigurationName = Release;
		};
/* End XCConfigurationList section */
	};
	rootObject = 540CF2A424EF2CF7003C0AA9 /* Project object */;
}
