// !$*UTF8*$!
{
	archiveVersion = 1;
	classes = {
	};
	objectVersion = 50;
	objects = {

/* Begin PBXBuildFile section */
		54AB8349253F99D800990B33 /* AppDelegate.swift in Sources */ = {isa = PBXBuildFile; fileRef = 54AB8348253F99D800990B33 /* AppDelegate.swift */; };
		54AB834B253F99D800990B33 /* SceneDelegate.swift in Sources */ = {isa = PBXBuildFile; fileRef = 54AB834A253F99D800990B33 /* SceneDelegate.swift */; };
		54AB834D253F99D800990B33 /* ViewController.swift in Sources */ = {isa = PBXBuildFile; fileRef = 54AB834C253F99D800990B33 /* ViewController.swift */; };
		54AB8350253F99D800990B33 /* Main.storyboard in Resources */ = {isa = PBXBuildFile; fileRef = 54AB834E253F99D800990B33 /* Main.storyboard */; };
		54AB8352253F99DB00990B33 /* Assets.xcassets in Resources */ = {isa = PBXBuildFile; fileRef = 54AB8351253F99DB00990B33 /* Assets.xcassets */; };
		54AB8355253F99DB00990B33 /* LaunchScreen.storyboard in Resources */ = {isa = PBXBuildFile; fileRef = 54AB8353253F99DB00990B33 /* LaunchScreen.storyboard */; };
		54AB835F253F9A5900990B33 /* carros.json in Resources */ = {isa = PBXBuildFile; fileRef = 54AB835E253F9A5900990B33 /* carros.json */; };
		54AB8367253F9B3300990B33 /* Carro.swift in Sources */ = {isa = PBXBuildFile; fileRef = 54AB8366253F9B3300990B33 /* Carro.swift */; };
		54AB836A253F9C8700990B33 /* CarrosWorker.swift in Sources */ = {isa = PBXBuildFile; fileRef = 54AB8369253F9C8700990B33 /* CarrosWorker.swift */; };
		54AB836D253FA1EA00990B33 /* CarrosController.swift in Sources */ = {isa = PBXBuildFile; fileRef = 54AB836C253FA1EA00990B33 /* CarrosController.swift */; };
/* End PBXBuildFile section */

/* Begin PBXFileReference section */
		54AB8345253F99D800990B33 /* Mvc3.app */ = {isa = PBXFileReference; explicitFileType = wrapper.application; includeInIndex = 0; path = Mvc3.app; sourceTree = BUILT_PRODUCTS_DIR; };
		54AB8348253F99D800990B33 /* AppDelegate.swift */ = {isa = PBXFileReference; lastKnownFileType = sourcecode.swift; path = AppDelegate.swift; sourceTree = "<group>"; };
		54AB834A253F99D800990B33 /* SceneDelegate.swift */ = {isa = PBXFileReference; lastKnownFileType = sourcecode.swift; path = SceneDelegate.swift; sourceTree = "<group>"; };
		54AB834C253F99D800990B33 /* ViewController.swift */ = {isa = PBXFileReference; lastKnownFileType = sourcecode.swift; path = ViewController.swift; sourceTree = "<group>"; };
		54AB834F253F99D800990B33 /* Base */ = {isa = PBXFileReference; lastKnownFileType = file.storyboard; name = Base; path = Base.lproj/Main.storyboard; sourceTree = "<group>"; };
		54AB8351253F99DB00990B33 /* Assets.xcassets */ = {isa = PBXFileReference; lastKnownFileType = folder.assetcatalog; path = Assets.xcassets; sourceTree = "<group>"; };
		54AB8354253F99DB00990B33 /* Base */ = {isa = PBXFileReference; lastKnownFileType = file.storyboard; name = Base; path = Base.lproj/LaunchScreen.storyboard; sourceTree = "<group>"; };
		54AB8356253F99DB00990B33 /* Info.plist */ = {isa = PBXFileReference; lastKnownFileType = text.plist.xml; path = Info.plist; sourceTree = "<group>"; };
		54AB835E253F9A5900990B33 /* carros.json */ = {isa = PBXFileReference; fileEncoding = 4; lastKnownFileType = text.json; path = carros.json; sourceTree = "<group>"; };
		54AB8366253F9B3300990B33 /* Carro.swift */ = {isa = PBXFileReference; lastKnownFileType = sourcecode.swift; path = Carro.swift; sourceTree = "<group>"; };
		54AB8369253F9C8700990B33 /* CarrosWorker.swift */ = {isa = PBXFileReference; lastKnownFileType = sourcecode.swift; path = CarrosWorker.swift; sourceTree = "<group>"; };
		54AB836C253FA1EA00990B33 /* CarrosController.swift */ = {isa = PBXFileReference; lastKnownFileType = sourcecode.swift; path = CarrosController.swift; sourceTree = "<group>"; };
/* End PBXFileReference section */

/* Begin PBXFrameworksBuildPhase section */
		54AB8342253F99D800990B33 /* Frameworks */ = {
			isa = PBXFrameworksBuildPhase;
			buildActionMask = 2147483647;
			files = (
			);
			runOnlyForDeploymentPostprocessing = 0;
		};
/* End PBXFrameworksBuildPhase section */

/* Begin PBXGroup section */
		54AB833C253F99D800990B33 = {
			isa = PBXGroup;
			children = (
				54AB8347253F99D800990B33 /* Mvc3 */,
				54AB8346253F99D800990B33 /* Products */,
			);
			sourceTree = "<group>";
		};
		54AB8346253F99D800990B33 /* Products */ = {
			isa = PBXGroup;
			children = (
				54AB8345253F99D800990B33 /* Mvc3.app */,
			);
			name = Products;
			sourceTree = "<group>";
		};
		54AB8347253F99D800990B33 /* Mvc3 */ = {
			isa = PBXGroup;
			children = (
				54AB8364253F9AB000990B33 /* Model */,
				54AB8363253F9AA400990B33 /* Network */,
				54AB8362253F9A9B00990B33 /* Controller */,
				54AB8361253F9A8E00990B33 /* View */,
				54AB835D253F9A3300990B33 /* Mock */,
				54AB8348253F99D800990B33 /* AppDelegate.swift */,
				54AB834A253F99D800990B33 /* SceneDelegate.swift */,
				54AB834E253F99D800990B33 /* Main.storyboard */,
				54AB8351253F99DB00990B33 /* Assets.xcassets */,
				54AB8353253F99DB00990B33 /* LaunchScreen.storyboard */,
				54AB8356253F99DB00990B33 /* Info.plist */,
			);
			path = Mvc3;
			sourceTree = "<group>";
		};
		54AB835D253F9A3300990B33 /* Mock */ = {
			isa = PBXGroup;
			children = (
				54AB835E253F9A5900990B33 /* carros.json */,
			);
			path = Mock;
			sourceTree = "<group>";
		};
		54AB8361253F9A8E00990B33 /* View */ = {
			isa = PBXGroup;
			children = (
				54AB834C253F99D800990B33 /* ViewController.swift */,
			);
			path = View;
			sourceTree = "<group>";
		};
		54AB8362253F9A9B00990B33 /* Controller */ = {
			isa = PBXGroup;
			children = (
				54AB836C253FA1EA00990B33 /* CarrosController.swift */,
			);
			path = Controller;
			sourceTree = "<group>";
		};
		54AB8363253F9AA400990B33 /* Network */ = {
			isa = PBXGroup;
			children = (
				54AB8369253F9C8700990B33 /* CarrosWorker.swift */,
			);
			path = Network;
			sourceTree = "<group>";
		};
		54AB8364253F9AB000990B33 /* Model */ = {
			isa = PBXGroup;
			children = (
				54AB8366253F9B3300990B33 /* Carro.swift */,
			);
			path = Model;
			sourceTree = "<group>";
		};
/* End PBXGroup section */

/* Begin PBXNativeTarget section */
		54AB8344253F99D800990B33 /* Mvc3 */ = {
			isa = PBXNativeTarget;
			buildConfigurationList = 54AB8359253F99DB00990B33 /* Build configuration list for PBXNativeTarget "Mvc3" */;
			buildPhases = (
				54AB8341253F99D800990B33 /* Sources */,
				54AB8342253F99D800990B33 /* Frameworks */,
				54AB8343253F99D800990B33 /* Resources */,
			);
			buildRules = (
			);
			dependencies = (
			);
			name = Mvc3;
			productName = Mvc3;
			productReference = 54AB8345253F99D800990B33 /* Mvc3.app */;
			productType = "com.apple.product-type.application";
		};
/* End PBXNativeTarget section */

/* Begin PBXProject section */
		54AB833D253F99D800990B33 /* Project object */ = {
			isa = PBXProject;
			attributes = {
				LastSwiftUpdateCheck = 1200;
				LastUpgradeCheck = 1200;
				TargetAttributes = {
					54AB8344253F99D800990B33 = {
						CreatedOnToolsVersion = 12.0.1;
					};
				};
			};
			buildConfigurationList = 54AB8340253F99D800990B33 /* Build configuration list for PBXProject "Mvc3" */;
			compatibilityVersion = "Xcode 9.3";
			developmentRegion = en;
			hasScannedForEncodings = 0;
			knownRegions = (
				en,
				Base,
			);
			mainGroup = 54AB833C253F99D800990B33;
			productRefGroup = 54AB8346253F99D800990B33 /* Products */;
			projectDirPath = "";
			projectRoot = "";
			targets = (
				54AB8344253F99D800990B33 /* Mvc3 */,
			);
		};
/* End PBXProject section */

/* Begin PBXResourcesBuildPhase section */
		54AB8343253F99D800990B33 /* Resources */ = {
			isa = PBXResourcesBuildPhase;
			buildActionMask = 2147483647;
			files = (
				54AB8355253F99DB00990B33 /* LaunchScreen.storyboard in Resources */,
				54AB835F253F9A5900990B33 /* carros.json in Resources */,
				54AB8352253F99DB00990B33 /* Assets.xcassets in Resources */,
				54AB8350253F99D800990B33 /* Main.storyboard in Resources */,
			);
			runOnlyForDeploymentPostprocessing = 0;
		};
/* End PBXResourcesBuildPhase section */

/* Begin PBXSourcesBuildPhase section */
		54AB8341253F99D800990B33 /* Sources */ = {
			isa = PBXSourcesBuildPhase;
			buildActionMask = 2147483647;
			files = (
				54AB836A253F9C8700990B33 /* CarrosWorker.swift in Sources */,
				54AB836D253FA1EA00990B33 /* CarrosController.swift in Sources */,
				54AB834D253F99D800990B33 /* ViewController.swift in Sources */,
				54AB8367253F9B3300990B33 /* Carro.swift in Sources */,
				54AB8349253F99D800990B33 /* AppDelegate.swift in Sources */,
				54AB834B253F99D800990B33 /* SceneDelegate.swift in Sources */,
			);
			runOnlyForDeploymentPostprocessing = 0;
		};
/* End PBXSourcesBuildPhase section */

/* Begin PBXVariantGroup section */
		54AB834E253F99D800990B33 /* Main.storyboard */ = {
			isa = PBXVariantGroup;
			children = (
				54AB834F253F99D800990B33 /* Base */,
			);
			name = Main.storyboard;
			sourceTree = "<group>";
		};
		54AB8353253F99DB00990B33 /* LaunchScreen.storyboard */ = {
			isa = PBXVariantGroup;
			children = (
				54AB8354253F99DB00990B33 /* Base */,
			);
			name = LaunchScreen.storyboard;
			sourceTree = "<group>";
		};
/* End PBXVariantGroup section */

/* Begin XCBuildConfiguration section */
		54AB8357253F99DB00990B33 /* Debug */ = {
			isa = XCBuildConfiguration;
			buildSettings = {
				ALWAYS_SEARCH_USER_PATHS = NO;
				CLANG_ANALYZER_NONNULL = YES;
				CLANG_ANALYZER_NUMBER_OBJECT_CONVERSION = YES_AGGRESSIVE;
				CLANG_CXX_LANGUAGE_STANDARD = "gnu++14";
				CLANG_CXX_LIBRARY = "libc++";
				CLANG_ENABLE_MODULES = YES;
				CLANG_ENABLE_OBJC_ARC = YES;
				CLANG_ENABLE_OBJC_WEAK = YES;
				CLANG_WARN_BLOCK_CAPTURE_AUTORELEASING = YES;
				CLANG_WARN_BOOL_CONVERSION = YES;
				CLANG_WARN_COMMA = YES;
				CLANG_WARN_CONSTANT_CONVERSION = YES;
				CLANG_WARN_DEPRECATED_OBJC_IMPLEMENTATIONS = YES;
				CLANG_WARN_DIRECT_OBJC_ISA_USAGE = YES_ERROR;
				CLANG_WARN_DOCUMENTATION_COMMENTS = YES;
				CLANG_WARN_EMPTY_BODY = YES;
				CLANG_WARN_ENUM_CONVERSION = YES;
				CLANG_WARN_INFINITE_RECURSION = YES;
				CLANG_WARN_INT_CONVERSION = YES;
				CLANG_WARN_NON_LITERAL_NULL_CONVERSION = YES;
				CLANG_WARN_OBJC_IMPLICIT_RETAIN_SELF = YES;
				CLANG_WARN_OBJC_LITERAL_CONVERSION = YES;
				CLANG_WARN_OBJC_ROOT_CLASS = YES_ERROR;
				CLANG_WARN_QUOTED_INCLUDE_IN_FRAMEWORK_HEADER = YES;
				CLANG_WARN_RANGE_LOOP_ANALYSIS = YES;
				CLANG_WARN_STRICT_PROTOTYPES = YES;
				CLANG_WARN_SUSPICIOUS_MOVE = YES;
				CLANG_WARN_UNGUARDED_AVAILABILITY = YES_AGGRESSIVE;
				CLANG_WARN_UNREACHABLE_CODE = YES;
				CLANG_WARN__DUPLICATE_METHOD_MATCH = YES;
				COPY_PHASE_STRIP = NO;
				DEBUG_INFORMATION_FORMAT = dwarf;
				ENABLE_STRICT_OBJC_MSGSEND = YES;
				ENABLE_TESTABILITY = YES;
				GCC_C_LANGUAGE_STANDARD = gnu11;
				GCC_DYNAMIC_NO_PIC = NO;
				GCC_NO_COMMON_BLOCKS = YES;
				GCC_OPTIMIZATION_LEVEL = 0;
				GCC_PREPROCESSOR_DEFINITIONS = (
					"DEBUG=1",
					"$(inherited)",
				);
				GCC_WARN_64_TO_32_BIT_CONVERSION = YES;
				GCC_WARN_ABOUT_RETURN_TYPE = YES_ERROR;
				GCC_WARN_UNDECLARED_SELECTOR = YES;
				GCC_WARN_UNINITIALIZED_AUTOS = YES_AGGRESSIVE;
				GCC_WARN_UNUSED_FUNCTION = YES;
				GCC_WARN_UNUSED_VARIABLE = YES;
				IPHONEOS_DEPLOYMENT_TARGET = 14.0;
				MTL_ENABLE_DEBUG_INFO = INCLUDE_SOURCE;
				MTL_FAST_MATH = YES;
				ONLY_ACTIVE_ARCH = YES;
				SDKROOT = iphoneos;
				SWIFT_ACTIVE_COMPILATION_CONDITIONS = DEBUG;
				SWIFT_OPTIMIZATION_LEVEL = "-Onone";
			};
			name = Debug;
		};
		54AB8358253F99DB00990B33 /* Release */ = {
			isa = XCBuildConfiguration;
			buildSettings = {
				ALWAYS_SEARCH_USER_PATHS = NO;
				CLANG_ANALYZER_NONNULL = YES;
				CLANG_ANALYZER_NUMBER_OBJECT_CONVERSION = YES_AGGRESSIVE;
				CLANG_CXX_LANGUAGE_STANDARD = "gnu++14";
				CLANG_CXX_LIBRARY = "libc++";
				CLANG_ENABLE_MODULES = YES;
				CLANG_ENABLE_OBJC_ARC = YES;
				CLANG_ENABLE_OBJC_WEAK = YES;
				CLANG_WARN_BLOCK_CAPTURE_AUTORELEASING = YES;
				CLANG_WARN_BOOL_CONVERSION = YES;
				CLANG_WARN_COMMA = YES;
				CLANG_WARN_CONSTANT_CONVERSION = YES;
				CLANG_WARN_DEPRECATED_OBJC_IMPLEMENTATIONS = YES;
				CLANG_WARN_DIRECT_OBJC_ISA_USAGE = YES_ERROR;
				CLANG_WARN_DOCUMENTATION_COMMENTS = YES;
				CLANG_WARN_EMPTY_BODY = YES;
				CLANG_WARN_ENUM_CONVERSION = YES;
				CLANG_WARN_INFINITE_RECURSION = YES;
				CLANG_WARN_INT_CONVERSION = YES;
				CLANG_WARN_NON_LITERAL_NULL_CONVERSION = YES;
				CLANG_WARN_OBJC_IMPLICIT_RETAIN_SELF = YES;
				CLANG_WARN_OBJC_LITERAL_CONVERSION = YES;
				CLANG_WARN_OBJC_ROOT_CLASS = YES_ERROR;
				CLANG_WARN_QUOTED_INCLUDE_IN_FRAMEWORK_HEADER = YES;
				CLANG_WARN_RANGE_LOOP_ANALYSIS = YES;
				CLANG_WARN_STRICT_PROTOTYPES = YES;
				CLANG_WARN_SUSPICIOUS_MOVE = YES;
				CLANG_WARN_UNGUARDED_AVAILABILITY = YES_AGGRESSIVE;
				CLANG_WARN_UNREACHABLE_CODE = YES;
				CLANG_WARN__DUPLICATE_METHOD_MATCH = YES;
				COPY_PHASE_STRIP = NO;
				DEBUG_INFORMATION_FORMAT = "dwarf-with-dsym";
				ENABLE_NS_ASSERTIONS = NO;
				ENABLE_STRICT_OBJC_MSGSEND = YES;
				GCC_C_LANGUAGE_STANDARD = gnu11;
				GCC_NO_COMMON_BLOCKS = YES;
				GCC_WARN_64_TO_32_BIT_CONVERSION = YES;
				GCC_WARN_ABOUT_RETURN_TYPE = YES_ERROR;
				GCC_WARN_UNDECLARED_SELECTOR = YES;
				GCC_WARN_UNINITIALIZED_AUTOS = YES_AGGRESSIVE;
				GCC_WARN_UNUSED_FUNCTION = YES;
				GCC_WARN_UNUSED_VARIABLE = YES;
				IPHONEOS_DEPLOYMENT_TARGET = 14.0;
				MTL_ENABLE_DEBUG_INFO = NO;
				MTL_FAST_MATH = YES;
				SDKROOT = iphoneos;
				SWIFT_COMPILATION_MODE = wholemodule;
				SWIFT_OPTIMIZATION_LEVEL = "-O";
				VALIDATE_PRODUCT = YES;
			};
			name = Release;
		};
		54AB835A253F99DB00990B33 /* Debug */ = {
			isa = XCBuildConfiguration;
			buildSettings = {
				ASSETCATALOG_COMPILER_APPICON_NAME = AppIcon;
				ASSETCATALOG_COMPILER_GLOBAL_ACCENT_COLOR_NAME = AccentColor;
				CODE_SIGN_STYLE = Automatic;
				DEVELOPMENT_TEAM = 6HWDL548KP;
				INFOPLIST_FILE = Mvc3/Info.plist;
				LD_RUNPATH_SEARCH_PATHS = (
					"$(inherited)",
					"@executable_path/Frameworks",
				);
				PRODUCT_BUNDLE_IDENTIFIER = "Digital-House.Mvc3";
				PRODUCT_NAME = "$(TARGET_NAME)";
				SWIFT_VERSION = 5.0;
				TARGETED_DEVICE_FAMILY = "1,2";
			};
			name = Debug;
		};
		54AB835B253F99DB00990B33 /* Release */ = {
			isa = XCBuildConfiguration;
			buildSettings = {
				ASSETCATALOG_COMPILER_APPICON_NAME = AppIcon;
				ASSETCATALOG_COMPILER_GLOBAL_ACCENT_COLOR_NAME = AccentColor;
				CODE_SIGN_STYLE = Automatic;
				DEVELOPMENT_TEAM = 6HWDL548KP;
				INFOPLIST_FILE = Mvc3/Info.plist;
				LD_RUNPATH_SEARCH_PATHS = (
					"$(inherited)",
					"@executable_path/Frameworks",
				);
				PRODUCT_BUNDLE_IDENTIFIER = "Digital-House.Mvc3";
				PRODUCT_NAME = "$(TARGET_NAME)";
				SWIFT_VERSION = 5.0;
				TARGETED_DEVICE_FAMILY = "1,2";
			};
			name = Release;
		};
/* End XCBuildConfiguration section */

/* Begin XCConfigurationList section */
		54AB8340253F99D800990B33 /* Build configuration list for PBXProject "Mvc3" */ = {
			isa = XCConfigurationList;
			buildConfigurations = (
				54AB8357253F99DB00990B33 /* Debug */,
				54AB8358253F99DB00990B33 /* Release */,
			);
			defaultConfigurationIsVisible = 0;
			defaultConfigurationName = Release;
		};
		54AB8359253F99DB00990B33 /* Build configuration list for PBXNativeTarget "Mvc3" */ = {
			isa = XCConfigurationList;
			buildConfigurations = (
				54AB835A253F99DB00990B33 /* Debug */,
				54AB835B253F99DB00990B33 /* Release */,
			);
			defaultConfigurationIsVisible = 0;
			defaultConfigurationName = Release;
		};
/* End XCConfigurationList section */
	};
	rootObject = 54AB833D253F99D800990B33 /* Project object */;
}
