// !$*UTF8*$!
{
	archiveVersion = 1;
	classes = {
	};
	objectVersion = 50;
	objects = {

/* Begin PBXBuildFile section */
		54DC57BB2548E3D1003546B6 /* AppDelegate.swift in Sources */ = {isa = PBXBuildFile; fileRef = 54DC57BA2548E3D1003546B6 /* AppDelegate.swift */; };
		54DC57BD2548E3D1003546B6 /* SceneDelegate.swift in Sources */ = {isa = PBXBuildFile; fileRef = 54DC57BC2548E3D1003546B6 /* SceneDelegate.swift */; };
		54DC57BF2548E3D1003546B6 /* ViewController.swift in Sources */ = {isa = PBXBuildFile; fileRef = 54DC57BE2548E3D1003546B6 /* ViewController.swift */; };
		54DC57C22548E3D1003546B6 /* Main.storyboard in Resources */ = {isa = PBXBuildFile; fileRef = 54DC57C02548E3D1003546B6 /* Main.storyboard */; };
		54DC57C42548E3D3003546B6 /* Assets.xcassets in Resources */ = {isa = PBXBuildFile; fileRef = 54DC57C32548E3D3003546B6 /* Assets.xcassets */; };
		54DC57C72548E3D3003546B6 /* LaunchScreen.storyboard in Resources */ = {isa = PBXBuildFile; fileRef = 54DC57C52548E3D3003546B6 /* LaunchScreen.storyboard */; };
		54DC57D12548E3FC003546B6 /* Cartoes.swift in Sources */ = {isa = PBXBuildFile; fileRef = 54DC57D02548E3FC003546B6 /* Cartoes.swift */; };
		54DC57D52548E508003546B6 /* cartoes.json in Resources */ = {isa = PBXBuildFile; fileRef = 54DC57D42548E508003546B6 /* cartoes.json */; };
		54DC57DA2548F027003546B6 /* CartoesWorker.swift in Sources */ = {isa = PBXBuildFile; fileRef = 54DC57D92548F027003546B6 /* CartoesWorker.swift */; };
		54DC57DE2548F215003546B6 /* CartoesViewModel.swift in Sources */ = {isa = PBXBuildFile; fileRef = 54DC57DD2548F215003546B6 /* CartoesViewModel.swift */; };
/* End PBXBuildFile section */

/* Begin PBXFileReference section */
		54DC57B72548E3D1003546B6 /* Cartoes-mvvm.app */ = {isa = PBXFileReference; explicitFileType = wrapper.application; includeInIndex = 0; path = "Cartoes-mvvm.app"; sourceTree = BUILT_PRODUCTS_DIR; };
		54DC57BA2548E3D1003546B6 /* AppDelegate.swift */ = {isa = PBXFileReference; lastKnownFileType = sourcecode.swift; path = AppDelegate.swift; sourceTree = "<group>"; };
		54DC57BC2548E3D1003546B6 /* SceneDelegate.swift */ = {isa = PBXFileReference; lastKnownFileType = sourcecode.swift; path = SceneDelegate.swift; sourceTree = "<group>"; };
		54DC57BE2548E3D1003546B6 /* ViewController.swift */ = {isa = PBXFileReference; lastKnownFileType = sourcecode.swift; path = ViewController.swift; sourceTree = "<group>"; };
		54DC57C12548E3D1003546B6 /* Base */ = {isa = PBXFileReference; lastKnownFileType = file.storyboard; name = Base; path = Base.lproj/Main.storyboard; sourceTree = "<group>"; };
		54DC57C32548E3D3003546B6 /* Assets.xcassets */ = {isa = PBXFileReference; lastKnownFileType = folder.assetcatalog; path = Assets.xcassets; sourceTree = "<group>"; };
		54DC57C62548E3D3003546B6 /* Base */ = {isa = PBXFileReference; lastKnownFileType = file.storyboard; name = Base; path = Base.lproj/LaunchScreen.storyboard; sourceTree = "<group>"; };
		54DC57C82548E3D3003546B6 /* Info.plist */ = {isa = PBXFileReference; lastKnownFileType = text.plist.xml; path = Info.plist; sourceTree = "<group>"; };
		54DC57D02548E3FC003546B6 /* Cartoes.swift */ = {isa = PBXFileReference; lastKnownFileType = sourcecode.swift; path = Cartoes.swift; sourceTree = "<group>"; };
		54DC57D42548E508003546B6 /* cartoes.json */ = {isa = PBXFileReference; fileEncoding = 4; lastKnownFileType = text.json; path = cartoes.json; sourceTree = "<group>"; };
		54DC57D92548F027003546B6 /* CartoesWorker.swift */ = {isa = PBXFileReference; lastKnownFileType = sourcecode.swift; path = CartoesWorker.swift; sourceTree = "<group>"; };
		54DC57DD2548F215003546B6 /* CartoesViewModel.swift */ = {isa = PBXFileReference; lastKnownFileType = sourcecode.swift; path = CartoesViewModel.swift; sourceTree = "<group>"; };
/* End PBXFileReference section */

/* Begin PBXFrameworksBuildPhase section */
		54DC57B42548E3D1003546B6 /* Frameworks */ = {
			isa = PBXFrameworksBuildPhase;
			buildActionMask = 2147483647;
			files = (
			);
			runOnlyForDeploymentPostprocessing = 0;
		};
/* End PBXFrameworksBuildPhase section */

/* Begin PBXGroup section */
		54DC57AE2548E3D1003546B6 = {
			isa = PBXGroup;
			children = (
				54DC57B92548E3D1003546B6 /* Cartoes-mvvm */,
				54DC57B82548E3D1003546B6 /* Products */,
			);
			sourceTree = "<group>";
		};
		54DC57B82548E3D1003546B6 /* Products */ = {
			isa = PBXGroup;
			children = (
				54DC57B72548E3D1003546B6 /* Cartoes-mvvm.app */,
			);
			name = Products;
			sourceTree = "<group>";
		};
		54DC57B92548E3D1003546B6 /* Cartoes-mvvm */ = {
			isa = PBXGroup;
			children = (
				54DC57DC2548F200003546B6 /* ViewModel */,
				54DC57D82548EFFB003546B6 /* Worker */,
				54DC57CF2548E3EC003546B6 /* Model */,
				54DC57BA2548E3D1003546B6 /* AppDelegate.swift */,
				54DC57BC2548E3D1003546B6 /* SceneDelegate.swift */,
				54DC57BE2548E3D1003546B6 /* ViewController.swift */,
				54DC57C02548E3D1003546B6 /* Main.storyboard */,
				54DC57C32548E3D3003546B6 /* Assets.xcassets */,
				54DC57C52548E3D3003546B6 /* LaunchScreen.storyboard */,
				54DC57C82548E3D3003546B6 /* Info.plist */,
				54DC57D42548E508003546B6 /* cartoes.json */,
			);
			path = "Cartoes-mvvm";
			sourceTree = "<group>";
		};
		54DC57CF2548E3EC003546B6 /* Model */ = {
			isa = PBXGroup;
			children = (
				54DC57D02548E3FC003546B6 /* Cartoes.swift */,
			);
			path = Model;
			sourceTree = "<group>";
		};
		54DC57D82548EFFB003546B6 /* Worker */ = {
			isa = PBXGroup;
			children = (
				54DC57D92548F027003546B6 /* CartoesWorker.swift */,
			);
			path = Worker;
			sourceTree = "<group>";
		};
		54DC57DC2548F200003546B6 /* ViewModel */ = {
			isa = PBXGroup;
			children = (
				54DC57DD2548F215003546B6 /* CartoesViewModel.swift */,
			);
			path = ViewModel;
			sourceTree = "<group>";
		};
/* End PBXGroup section */

/* Begin PBXNativeTarget section */
		54DC57B62548E3D1003546B6 /* Cartoes-mvvm */ = {
			isa = PBXNativeTarget;
			buildConfigurationList = 54DC57CB2548E3D3003546B6 /* Build configuration list for PBXNativeTarget "Cartoes-mvvm" */;
			buildPhases = (
				54DC57B32548E3D1003546B6 /* Sources */,
				54DC57B42548E3D1003546B6 /* Frameworks */,
				54DC57B52548E3D1003546B6 /* Resources */,
			);
			buildRules = (
			);
			dependencies = (
			);
			name = "Cartoes-mvvm";
			productName = "Cartoes-mvvm";
			productReference = 54DC57B72548E3D1003546B6 /* Cartoes-mvvm.app */;
			productType = "com.apple.product-type.application";
		};
/* End PBXNativeTarget section */

/* Begin PBXProject section */
		54DC57AF2548E3D1003546B6 /* Project object */ = {
			isa = PBXProject;
			attributes = {
				LastSwiftUpdateCheck = 1210;
				LastUpgradeCheck = 1210;
				TargetAttributes = {
					54DC57B62548E3D1003546B6 = {
						CreatedOnToolsVersion = 12.1;
					};
				};
			};
			buildConfigurationList = 54DC57B22548E3D1003546B6 /* Build configuration list for PBXProject "Cartoes-mvvm" */;
			compatibilityVersion = "Xcode 9.3";
			developmentRegion = en;
			hasScannedForEncodings = 0;
			knownRegions = (
				en,
				Base,
			);
			mainGroup = 54DC57AE2548E3D1003546B6;
			productRefGroup = 54DC57B82548E3D1003546B6 /* Products */;
			projectDirPath = "";
			projectRoot = "";
			targets = (
				54DC57B62548E3D1003546B6 /* Cartoes-mvvm */,
			);
		};
/* End PBXProject section */

/* Begin PBXResourcesBuildPhase section */
		54DC57B52548E3D1003546B6 /* Resources */ = {
			isa = PBXResourcesBuildPhase;
			buildActionMask = 2147483647;
			files = (
				54DC57C72548E3D3003546B6 /* LaunchScreen.storyboard in Resources */,
				54DC57D52548E508003546B6 /* cartoes.json in Resources */,
				54DC57C42548E3D3003546B6 /* Assets.xcassets in Resources */,
				54DC57C22548E3D1003546B6 /* Main.storyboard in Resources */,
			);
			runOnlyForDeploymentPostprocessing = 0;
		};
/* End PBXResourcesBuildPhase section */

/* Begin PBXSourcesBuildPhase section */
		54DC57B32548E3D1003546B6 /* Sources */ = {
			isa = PBXSourcesBuildPhase;
			buildActionMask = 2147483647;
			files = (
				54DC57DE2548F215003546B6 /* CartoesViewModel.swift in Sources */,
				54DC57BF2548E3D1003546B6 /* ViewController.swift in Sources */,
				54DC57D12548E3FC003546B6 /* Cartoes.swift in Sources */,
				54DC57DA2548F027003546B6 /* CartoesWorker.swift in Sources */,
				54DC57BB2548E3D1003546B6 /* AppDelegate.swift in Sources */,
				54DC57BD2548E3D1003546B6 /* SceneDelegate.swift in Sources */,
			);
			runOnlyForDeploymentPostprocessing = 0;
		};
/* End PBXSourcesBuildPhase section */

/* Begin PBXVariantGroup section */
		54DC57C02548E3D1003546B6 /* Main.storyboard */ = {
			isa = PBXVariantGroup;
			children = (
				54DC57C12548E3D1003546B6 /* Base */,
			);
			name = Main.storyboard;
			sourceTree = "<group>";
		};
		54DC57C52548E3D3003546B6 /* LaunchScreen.storyboard */ = {
			isa = PBXVariantGroup;
			children = (
				54DC57C62548E3D3003546B6 /* Base */,
			);
			name = LaunchScreen.storyboard;
			sourceTree = "<group>";
		};
/* End PBXVariantGroup section */

/* Begin XCBuildConfiguration section */
		54DC57C92548E3D3003546B6 /* Debug */ = {
			isa = XCBuildConfiguration;
			buildSettings = {
				ALWAYS_SEARCH_USER_PATHS = NO;
				CLANG_ANALYZER_NONNULL = YES;
				CLANG_ANALYZER_NUMBER_OBJECT_CONVERSION = YES_AGGRESSIVE;
				CLANG_CXX_LANGUAGE_STANDARD = "gnu++14";
				CLANG_CXX_LIBRARY = "libc++";
				CLANG_ENABLE_MODULES = YES;
				CLANG_ENABLE_OBJC_ARC = YES;
				CLANG_ENABLE_OBJC_WEAK = YES;
				CLANG_WARN_BLOCK_CAPTURE_AUTORELEASING = YES;
				CLANG_WARN_BOOL_CONVERSION = YES;
				CLANG_WARN_COMMA = YES;
				CLANG_WARN_CONSTANT_CONVERSION = YES;
				CLANG_WARN_DEPRECATED_OBJC_IMPLEMENTATIONS = YES;
				CLANG_WARN_DIRECT_OBJC_ISA_USAGE = YES_ERROR;
				CLANG_WARN_DOCUMENTATION_COMMENTS = YES;
				CLANG_WARN_EMPTY_BODY = YES;
				CLANG_WARN_ENUM_CONVERSION = YES;
				CLANG_WARN_INFINITE_RECURSION = YES;
				CLANG_WARN_INT_CONVERSION = YES;
				CLANG_WARN_NON_LITERAL_NULL_CONVERSION = YES;
				CLANG_WARN_OBJC_IMPLICIT_RETAIN_SELF = YES;
				CLANG_WARN_OBJC_LITERAL_CONVERSION = YES;
				CLANG_WARN_OBJC_ROOT_CLASS = YES_ERROR;
				CLANG_WARN_QUOTED_INCLUDE_IN_FRAMEWORK_HEADER = YES;
				CLANG_WARN_RANGE_LOOP_ANALYSIS = YES;
				CLANG_WARN_STRICT_PROTOTYPES = YES;
				CLANG_WARN_SUSPICIOUS_MOVE = YES;
				CLANG_WARN_UNGUARDED_AVAILABILITY = YES_AGGRESSIVE;
				CLANG_WARN_UNREACHABLE_CODE = YES;
				CLANG_WARN__DUPLICATE_METHOD_MATCH = YES;
				COPY_PHASE_STRIP = NO;
				DEBUG_INFORMATION_FORMAT = dwarf;
				ENABLE_STRICT_OBJC_MSGSEND = YES;
				ENABLE_TESTABILITY = YES;
				GCC_C_LANGUAGE_STANDARD = gnu11;
				GCC_DYNAMIC_NO_PIC = NO;
				GCC_NO_COMMON_BLOCKS = YES;
				GCC_OPTIMIZATION_LEVEL = 0;
				GCC_PREPROCESSOR_DEFINITIONS = (
					"DEBUG=1",
					"$(inherited)",
				);
				GCC_WARN_64_TO_32_BIT_CONVERSION = YES;
				GCC_WARN_ABOUT_RETURN_TYPE = YES_ERROR;
				GCC_WARN_UNDECLARED_SELECTOR = YES;
				GCC_WARN_UNINITIALIZED_AUTOS = YES_AGGRESSIVE;
				GCC_WARN_UNUSED_FUNCTION = YES;
				GCC_WARN_UNUSED_VARIABLE = YES;
				IPHONEOS_DEPLOYMENT_TARGET = 14.1;
				MTL_ENABLE_DEBUG_INFO = INCLUDE_SOURCE;
				MTL_FAST_MATH = YES;
				ONLY_ACTIVE_ARCH = YES;
				SDKROOT = iphoneos;
				SWIFT_ACTIVE_COMPILATION_CONDITIONS = DEBUG;
				SWIFT_OPTIMIZATION_LEVEL = "-Onone";
			};
			name = Debug;
		};
		54DC57CA2548E3D3003546B6 /* Release */ = {
			isa = XCBuildConfiguration;
			buildSettings = {
				ALWAYS_SEARCH_USER_PATHS = NO;
				CLANG_ANALYZER_NONNULL = YES;
				CLANG_ANALYZER_NUMBER_OBJECT_CONVERSION = YES_AGGRESSIVE;
				CLANG_CXX_LANGUAGE_STANDARD = "gnu++14";
				CLANG_CXX_LIBRARY = "libc++";
				CLANG_ENABLE_MODULES = YES;
				CLANG_ENABLE_OBJC_ARC = YES;
				CLANG_ENABLE_OBJC_WEAK = YES;
				CLANG_WARN_BLOCK_CAPTURE_AUTORELEASING = YES;
				CLANG_WARN_BOOL_CONVERSION = YES;
				CLANG_WARN_COMMA = YES;
				CLANG_WARN_CONSTANT_CONVERSION = YES;
				CLANG_WARN_DEPRECATED_OBJC_IMPLEMENTATIONS = YES;
				CLANG_WARN_DIRECT_OBJC_ISA_USAGE = YES_ERROR;
				CLANG_WARN_DOCUMENTATION_COMMENTS = YES;
				CLANG_WARN_EMPTY_BODY = YES;
				CLANG_WARN_ENUM_CONVERSION = YES;
				CLANG_WARN_INFINITE_RECURSION = YES;
				CLANG_WARN_INT_CONVERSION = YES;
				CLANG_WARN_NON_LITERAL_NULL_CONVERSION = YES;
				CLANG_WARN_OBJC_IMPLICIT_RETAIN_SELF = YES;
				CLANG_WARN_OBJC_LITERAL_CONVERSION = YES;
				CLANG_WARN_OBJC_ROOT_CLASS = YES_ERROR;
				CLANG_WARN_QUOTED_INCLUDE_IN_FRAMEWORK_HEADER = YES;
				CLANG_WARN_RANGE_LOOP_ANALYSIS = YES;
				CLANG_WARN_STRICT_PROTOTYPES = YES;
				CLANG_WARN_SUSPICIOUS_MOVE = YES;
				CLANG_WARN_UNGUARDED_AVAILABILITY = YES_AGGRESSIVE;
				CLANG_WARN_UNREACHABLE_CODE = YES;
				CLANG_WARN__DUPLICATE_METHOD_MATCH = YES;
				COPY_PHASE_STRIP = NO;
				DEBUG_INFORMATION_FORMAT = "dwarf-with-dsym";
				ENABLE_NS_ASSERTIONS = NO;
				ENABLE_STRICT_OBJC_MSGSEND = YES;
				GCC_C_LANGUAGE_STANDARD = gnu11;
				GCC_NO_COMMON_BLOCKS = YES;
				GCC_WARN_64_TO_32_BIT_CONVERSION = YES;
				GCC_WARN_ABOUT_RETURN_TYPE = YES_ERROR;
				GCC_WARN_UNDECLARED_SELECTOR = YES;
				GCC_WARN_UNINITIALIZED_AUTOS = YES_AGGRESSIVE;
				GCC_WARN_UNUSED_FUNCTION = YES;
				GCC_WARN_UNUSED_VARIABLE = YES;
				IPHONEOS_DEPLOYMENT_TARGET = 14.1;
				MTL_ENABLE_DEBUG_INFO = NO;
				MTL_FAST_MATH = YES;
				SDKROOT = iphoneos;
				SWIFT_COMPILATION_MODE = wholemodule;
				SWIFT_OPTIMIZATION_LEVEL = "-O";
				VALIDATE_PRODUCT = YES;
			};
			name = Release;
		};
		54DC57CC2548E3D3003546B6 /* Debug */ = {
			isa = XCBuildConfiguration;
			buildSettings = {
				ASSETCATALOG_COMPILER_APPICON_NAME = AppIcon;
				ASSETCATALOG_COMPILER_GLOBAL_ACCENT_COLOR_NAME = AccentColor;
				CODE_SIGN_STYLE = Automatic;
				DEVELOPMENT_TEAM = 6HWDL548KP;
				INFOPLIST_FILE = "Cartoes-mvvm/Info.plist";
				LD_RUNPATH_SEARCH_PATHS = (
					"$(inherited)",
					"@executable_path/Frameworks",
				);
				PRODUCT_BUNDLE_IDENTIFIER = "Digital-House.Cartoes-mvvm";
				PRODUCT_NAME = "$(TARGET_NAME)";
				SWIFT_VERSION = 5.0;
				TARGETED_DEVICE_FAMILY = "1,2";
			};
			name = Debug;
		};
		54DC57CD2548E3D3003546B6 /* Release */ = {
			isa = XCBuildConfiguration;
			buildSettings = {
				ASSETCATALOG_COMPILER_APPICON_NAME = AppIcon;
				ASSETCATALOG_COMPILER_GLOBAL_ACCENT_COLOR_NAME = AccentColor;
				CODE_SIGN_STYLE = Automatic;
				DEVELOPMENT_TEAM = 6HWDL548KP;
				INFOPLIST_FILE = "Cartoes-mvvm/Info.plist";
				LD_RUNPATH_SEARCH_PATHS = (
					"$(inherited)",
					"@executable_path/Frameworks",
				);
				PRODUCT_BUNDLE_IDENTIFIER = "Digital-House.Cartoes-mvvm";
				PRODUCT_NAME = "$(TARGET_NAME)";
				SWIFT_VERSION = 5.0;
				TARGETED_DEVICE_FAMILY = "1,2";
			};
			name = Release;
		};
/* End XCBuildConfiguration section */

/* Begin XCConfigurationList section */
		54DC57B22548E3D1003546B6 /* Build configuration list for PBXProject "Cartoes-mvvm" */ = {
			isa = XCConfigurationList;
			buildConfigurations = (
				54DC57C92548E3D3003546B6 /* Debug */,
				54DC57CA2548E3D3003546B6 /* Release */,
			);
			defaultConfigurationIsVisible = 0;
			defaultConfigurationName = Release;
		};
		54DC57CB2548E3D3003546B6 /* Build configuration list for PBXNativeTarget "Cartoes-mvvm" */ = {
			isa = XCConfigurationList;
			buildConfigurations = (
				54DC57CC2548E3D3003546B6 /* Debug */,
				54DC57CD2548E3D3003546B6 /* Release */,
			);
			defaultConfigurationIsVisible = 0;
			defaultConfigurationName = Release;
		};
/* End XCConfigurationList section */
	};
	rootObject = 54DC57AF2548E3D1003546B6 /* Project object */;
}
