// !$*UTF8*$!
{
	archiveVersion = 1;
	classes = {
	};
	objectVersion = 50;
	objects = {

/* Begin PBXBuildFile section */
		54B318FA2548D86000636407 /* AppDelegate.swift in Sources */ = {isa = PBXBuildFile; fileRef = 54B318F92548D86000636407 /* AppDelegate.swift */; };
		54B318FC2548D86000636407 /* SceneDelegate.swift in Sources */ = {isa = PBXBuildFile; fileRef = 54B318FB2548D86000636407 /* SceneDelegate.swift */; };
		54B318FE2548D86000636407 /* ViewController.swift in Sources */ = {isa = PBXBuildFile; fileRef = 54B318FD2548D86000636407 /* ViewController.swift */; };
		54B319012548D86000636407 /* Main.storyboard in Resources */ = {isa = PBXBuildFile; fileRef = 54B318FF2548D86000636407 /* Main.storyboard */; };
		54B319032548D86200636407 /* Assets.xcassets in Resources */ = {isa = PBXBuildFile; fileRef = 54B319022548D86200636407 /* Assets.xcassets */; };
		54B319062548D86200636407 /* LaunchScreen.storyboard in Resources */ = {isa = PBXBuildFile; fileRef = 54B319042548D86200636407 /* LaunchScreen.storyboard */; };
		54B319182548D97000636407 /* CardsWorker.swift in Sources */ = {isa = PBXBuildFile; fileRef = 54B319172548D97000636407 /* CardsWorker.swift */; };
		54B3191C2548D9AE00636407 /* Card.swift in Sources */ = {isa = PBXBuildFile; fileRef = 54B3191B2548D9AE00636407 /* Card.swift */; };
		54B319202548DB5000636407 /* CardProvider.swift in Sources */ = {isa = PBXBuildFile; fileRef = 54B3191F2548DB5000636407 /* CardProvider.swift */; };
		54DC57A82548E20D003546B6 /* cartoes.json in Resources */ = {isa = PBXBuildFile; fileRef = 54DC57A72548E20D003546B6 /* cartoes.json */; };
/* End PBXBuildFile section */

/* Begin PBXFileReference section */
		54B318F62548D86000636407 /* Cartoes.app */ = {isa = PBXFileReference; explicitFileType = wrapper.application; includeInIndex = 0; path = Cartoes.app; sourceTree = BUILT_PRODUCTS_DIR; };
		54B318F92548D86000636407 /* AppDelegate.swift */ = {isa = PBXFileReference; lastKnownFileType = sourcecode.swift; path = AppDelegate.swift; sourceTree = "<group>"; };
		54B318FB2548D86000636407 /* SceneDelegate.swift */ = {isa = PBXFileReference; lastKnownFileType = sourcecode.swift; path = SceneDelegate.swift; sourceTree = "<group>"; };
		54B318FD2548D86000636407 /* ViewController.swift */ = {isa = PBXFileReference; lastKnownFileType = sourcecode.swift; path = ViewController.swift; sourceTree = "<group>"; };
		54B319002548D86000636407 /* Base */ = {isa = PBXFileReference; lastKnownFileType = file.storyboard; name = Base; path = Base.lproj/Main.storyboard; sourceTree = "<group>"; };
		54B319022548D86200636407 /* Assets.xcassets */ = {isa = PBXFileReference; lastKnownFileType = folder.assetcatalog; path = Assets.xcassets; sourceTree = "<group>"; };
		54B319052548D86200636407 /* Base */ = {isa = PBXFileReference; lastKnownFileType = file.storyboard; name = Base; path = Base.lproj/LaunchScreen.storyboard; sourceTree = "<group>"; };
		54B319072548D86200636407 /* Info.plist */ = {isa = PBXFileReference; lastKnownFileType = text.plist.xml; path = Info.plist; sourceTree = "<group>"; };
		54B319172548D97000636407 /* CardsWorker.swift */ = {isa = PBXFileReference; lastKnownFileType = sourcecode.swift; path = CardsWorker.swift; sourceTree = "<group>"; };
		54B3191B2548D9AE00636407 /* Card.swift */ = {isa = PBXFileReference; lastKnownFileType = sourcecode.swift; path = Card.swift; sourceTree = "<group>"; };
		54B3191F2548DB5000636407 /* CardProvider.swift */ = {isa = PBXFileReference; lastKnownFileType = sourcecode.swift; path = CardProvider.swift; sourceTree = "<group>"; };
		54DC57A72548E20D003546B6 /* cartoes.json */ = {isa = PBXFileReference; fileEncoding = 4; lastKnownFileType = text.json; path = cartoes.json; sourceTree = "<group>"; };
/* End PBXFileReference section */

/* Begin PBXFrameworksBuildPhase section */
		54B318F32548D86000636407 /* Frameworks */ = {
			isa = PBXFrameworksBuildPhase;
			buildActionMask = 2147483647;
			files = (
			);
			runOnlyForDeploymentPostprocessing = 0;
		};
/* End PBXFrameworksBuildPhase section */

/* Begin PBXGroup section */
		54B318ED2548D86000636407 = {
			isa = PBXGroup;
			children = (
				54B318F82548D86000636407 /* Cartoes */,
				54B318F72548D86000636407 /* Products */,
			);
			sourceTree = "<group>";
		};
		54B318F72548D86000636407 /* Products */ = {
			isa = PBXGroup;
			children = (
				54B318F62548D86000636407 /* Cartoes.app */,
			);
			name = Products;
			sourceTree = "<group>";
		};
		54B318F82548D86000636407 /* Cartoes */ = {
			isa = PBXGroup;
			children = (
				54DC57A72548E20D003546B6 /* cartoes.json */,
				54B319232548DD8700636407 /* View */,
				54B3191E2548DB3B00636407 /* Controller */,
				54B319122548D90C00636407 /* Network */,
				54B3191A2548D99D00636407 /* Model */,
				54B318F92548D86000636407 /* AppDelegate.swift */,
				54B318FB2548D86000636407 /* SceneDelegate.swift */,
				54B319022548D86200636407 /* Assets.xcassets */,
				54B319042548D86200636407 /* LaunchScreen.storyboard */,
				54B319072548D86200636407 /* Info.plist */,
			);
			path = Cartoes;
			sourceTree = "<group>";
		};
		54B319122548D90C00636407 /* Network */ = {
			isa = PBXGroup;
			children = (
				54B319172548D97000636407 /* CardsWorker.swift */,
			);
			path = Network;
			sourceTree = "<group>";
		};
		54B3191A2548D99D00636407 /* Model */ = {
			isa = PBXGroup;
			children = (
				54B3191B2548D9AE00636407 /* Card.swift */,
			);
			path = Model;
			sourceTree = "<group>";
		};
		54B3191E2548DB3B00636407 /* Controller */ = {
			isa = PBXGroup;
			children = (
				54B3191F2548DB5000636407 /* CardProvider.swift */,
			);
			path = Controller;
			sourceTree = "<group>";
		};
		54B319232548DD8700636407 /* View */ = {
			isa = PBXGroup;
			children = (
				54B318FD2548D86000636407 /* ViewController.swift */,
				54B318FF2548D86000636407 /* Main.storyboard */,
			);
			path = View;
			sourceTree = "<group>";
		};
/* End PBXGroup section */

/* Begin PBXNativeTarget section */
		54B318F52548D86000636407 /* Cartoes */ = {
			isa = PBXNativeTarget;
			buildConfigurationList = 54B3190A2548D86200636407 /* Build configuration list for PBXNativeTarget "Cartoes" */;
			buildPhases = (
				54B318F22548D86000636407 /* Sources */,
				54B318F32548D86000636407 /* Frameworks */,
				54B318F42548D86000636407 /* Resources */,
			);
			buildRules = (
			);
			dependencies = (
			);
			name = Cartoes;
			productName = Cartoes;
			productReference = 54B318F62548D86000636407 /* Cartoes.app */;
			productType = "com.apple.product-type.application";
		};
/* End PBXNativeTarget section */

/* Begin PBXProject section */
		54B318EE2548D86000636407 /* Project object */ = {
			isa = PBXProject;
			attributes = {
				LastSwiftUpdateCheck = 1210;
				LastUpgradeCheck = 1210;
				TargetAttributes = {
					54B318F52548D86000636407 = {
						CreatedOnToolsVersion = 12.1;
					};
				};
			};
			buildConfigurationList = 54B318F12548D86000636407 /* Build configuration list for PBXProject "Cartoes" */;
			compatibilityVersion = "Xcode 9.3";
			developmentRegion = en;
			hasScannedForEncodings = 0;
			knownRegions = (
				en,
				Base,
			);
			mainGroup = 54B318ED2548D86000636407;
			productRefGroup = 54B318F72548D86000636407 /* Products */;
			projectDirPath = "";
			projectRoot = "";
			targets = (
				54B318F52548D86000636407 /* Cartoes */,
			);
		};
/* End PBXProject section */

/* Begin PBXResourcesBuildPhase section */
		54B318F42548D86000636407 /* Resources */ = {
			isa = PBXResourcesBuildPhase;
			buildActionMask = 2147483647;
			files = (
				54B319062548D86200636407 /* LaunchScreen.storyboard in Resources */,
				54DC57A82548E20D003546B6 /* cartoes.json in Resources */,
				54B319032548D86200636407 /* Assets.xcassets in Resources */,
				54B319012548D86000636407 /* Main.storyboard in Resources */,
			);
			runOnlyForDeploymentPostprocessing = 0;
		};
/* End PBXResourcesBuildPhase section */

/* Begin PBXSourcesBuildPhase section */
		54B318F22548D86000636407 /* Sources */ = {
			isa = PBXSourcesBuildPhase;
			buildActionMask = 2147483647;
			files = (
				54B318FE2548D86000636407 /* ViewController.swift in Sources */,
				54B318FA2548D86000636407 /* AppDelegate.swift in Sources */,
				54B3191C2548D9AE00636407 /* Card.swift in Sources */,
				54B318FC2548D86000636407 /* SceneDelegate.swift in Sources */,
				54B319202548DB5000636407 /* CardProvider.swift in Sources */,
				54B319182548D97000636407 /* CardsWorker.swift in Sources */,
			);
			runOnlyForDeploymentPostprocessing = 0;
		};
/* End PBXSourcesBuildPhase section */

/* Begin PBXVariantGroup section */
		54B318FF2548D86000636407 /* Main.storyboard */ = {
			isa = PBXVariantGroup;
			children = (
				54B319002548D86000636407 /* Base */,
			);
			name = Main.storyboard;
			sourceTree = "<group>";
		};
		54B319042548D86200636407 /* LaunchScreen.storyboard */ = {
			isa = PBXVariantGroup;
			children = (
				54B319052548D86200636407 /* Base */,
			);
			name = LaunchScreen.storyboard;
			sourceTree = "<group>";
		};
/* End PBXVariantGroup section */

/* Begin XCBuildConfiguration section */
		54B319082548D86200636407 /* Debug */ = {
			isa = XCBuildConfiguration;
			buildSettings = {
				ALWAYS_SEARCH_USER_PATHS = NO;
				CLANG_ANALYZER_NONNULL = YES;
				CLANG_ANALYZER_NUMBER_OBJECT_CONVERSION = YES_AGGRESSIVE;
				CLANG_CXX_LANGUAGE_STANDARD = "gnu++14";
				CLANG_CXX_LIBRARY = "libc++";
				CLANG_ENABLE_MODULES = YES;
				CLANG_ENABLE_OBJC_ARC = YES;
				CLANG_ENABLE_OBJC_WEAK = YES;
				CLANG_WARN_BLOCK_CAPTURE_AUTORELEASING = YES;
				CLANG_WARN_BOOL_CONVERSION = YES;
				CLANG_WARN_COMMA = YES;
				CLANG_WARN_CONSTANT_CONVERSION = YES;
				CLANG_WARN_DEPRECATED_OBJC_IMPLEMENTATIONS = YES;
				CLANG_WARN_DIRECT_OBJC_ISA_USAGE = YES_ERROR;
				CLANG_WARN_DOCUMENTATION_COMMENTS = YES;
				CLANG_WARN_EMPTY_BODY = YES;
				CLANG_WARN_ENUM_CONVERSION = YES;
				CLANG_WARN_INFINITE_RECURSION = YES;
				CLANG_WARN_INT_CONVERSION = YES;
				CLANG_WARN_NON_LITERAL_NULL_CONVERSION = YES;
				CLANG_WARN_OBJC_IMPLICIT_RETAIN_SELF = YES;
				CLANG_WARN_OBJC_LITERAL_CONVERSION = YES;
				CLANG_WARN_OBJC_ROOT_CLASS = YES_ERROR;
				CLANG_WARN_QUOTED_INCLUDE_IN_FRAMEWORK_HEADER = YES;
				CLANG_WARN_RANGE_LOOP_ANALYSIS = YES;
				CLANG_WARN_STRICT_PROTOTYPES = YES;
				CLANG_WARN_SUSPICIOUS_MOVE = YES;
				CLANG_WARN_UNGUARDED_AVAILABILITY = YES_AGGRESSIVE;
				CLANG_WARN_UNREACHABLE_CODE = YES;
				CLANG_WARN__DUPLICATE_METHOD_MATCH = YES;
				COPY_PHASE_STRIP = NO;
				DEBUG_INFORMATION_FORMAT = dwarf;
				ENABLE_STRICT_OBJC_MSGSEND = YES;
				ENABLE_TESTABILITY = YES;
				GCC_C_LANGUAGE_STANDARD = gnu11;
				GCC_DYNAMIC_NO_PIC = NO;
				GCC_NO_COMMON_BLOCKS = YES;
				GCC_OPTIMIZATION_LEVEL = 0;
				GCC_PREPROCESSOR_DEFINITIONS = (
					"DEBUG=1",
					"$(inherited)",
				);
				GCC_WARN_64_TO_32_BIT_CONVERSION = YES;
				GCC_WARN_ABOUT_RETURN_TYPE = YES_ERROR;
				GCC_WARN_UNDECLARED_SELECTOR = YES;
				GCC_WARN_UNINITIALIZED_AUTOS = YES_AGGRESSIVE;
				GCC_WARN_UNUSED_FUNCTION = YES;
				GCC_WARN_UNUSED_VARIABLE = YES;
				IPHONEOS_DEPLOYMENT_TARGET = 14.1;
				MTL_ENABLE_DEBUG_INFO = INCLUDE_SOURCE;
				MTL_FAST_MATH = YES;
				ONLY_ACTIVE_ARCH = YES;
				SDKROOT = iphoneos;
				SWIFT_ACTIVE_COMPILATION_CONDITIONS = DEBUG;
				SWIFT_OPTIMIZATION_LEVEL = "-Onone";
			};
			name = Debug;
		};
		54B319092548D86200636407 /* Release */ = {
			isa = XCBuildConfiguration;
			buildSettings = {
				ALWAYS_SEARCH_USER_PATHS = NO;
				CLANG_ANALYZER_NONNULL = YES;
				CLANG_ANALYZER_NUMBER_OBJECT_CONVERSION = YES_AGGRESSIVE;
				CLANG_CXX_LANGUAGE_STANDARD = "gnu++14";
				CLANG_CXX_LIBRARY = "libc++";
				CLANG_ENABLE_MODULES = YES;
				CLANG_ENABLE_OBJC_ARC = YES;
				CLANG_ENABLE_OBJC_WEAK = YES;
				CLANG_WARN_BLOCK_CAPTURE_AUTORELEASING = YES;
				CLANG_WARN_BOOL_CONVERSION = YES;
				CLANG_WARN_COMMA = YES;
				CLANG_WARN_CONSTANT_CONVERSION = YES;
				CLANG_WARN_DEPRECATED_OBJC_IMPLEMENTATIONS = YES;
				CLANG_WARN_DIRECT_OBJC_ISA_USAGE = YES_ERROR;
				CLANG_WARN_DOCUMENTATION_COMMENTS = YES;
				CLANG_WARN_EMPTY_BODY = YES;
				CLANG_WARN_ENUM_CONVERSION = YES;
				CLANG_WARN_INFINITE_RECURSION = YES;
				CLANG_WARN_INT_CONVERSION = YES;
				CLANG_WARN_NON_LITERAL_NULL_CONVERSION = YES;
				CLANG_WARN_OBJC_IMPLICIT_RETAIN_SELF = YES;
				CLANG_WARN_OBJC_LITERAL_CONVERSION = YES;
				CLANG_WARN_OBJC_ROOT_CLASS = YES_ERROR;
				CLANG_WARN_QUOTED_INCLUDE_IN_FRAMEWORK_HEADER = YES;
				CLANG_WARN_RANGE_LOOP_ANALYSIS = YES;
				CLANG_WARN_STRICT_PROTOTYPES = YES;
				CLANG_WARN_SUSPICIOUS_MOVE = YES;
				CLANG_WARN_UNGUARDED_AVAILABILITY = YES_AGGRESSIVE;
				CLANG_WARN_UNREACHABLE_CODE = YES;
				CLANG_WARN__DUPLICATE_METHOD_MATCH = YES;
				COPY_PHASE_STRIP = NO;
				DEBUG_INFORMATION_FORMAT = "dwarf-with-dsym";
				ENABLE_NS_ASSERTIONS = NO;
				ENABLE_STRICT_OBJC_MSGSEND = YES;
				GCC_C_LANGUAGE_STANDARD = gnu11;
				GCC_NO_COMMON_BLOCKS = YES;
				GCC_WARN_64_TO_32_BIT_CONVERSION = YES;
				GCC_WARN_ABOUT_RETURN_TYPE = YES_ERROR;
				GCC_WARN_UNDECLARED_SELECTOR = YES;
				GCC_WARN_UNINITIALIZED_AUTOS = YES_AGGRESSIVE;
				GCC_WARN_UNUSED_FUNCTION = YES;
				GCC_WARN_UNUSED_VARIABLE = YES;
				IPHONEOS_DEPLOYMENT_TARGET = 14.1;
				MTL_ENABLE_DEBUG_INFO = NO;
				MTL_FAST_MATH = YES;
				SDKROOT = iphoneos;
				SWIFT_COMPILATION_MODE = wholemodule;
				SWIFT_OPTIMIZATION_LEVEL = "-O";
				VALIDATE_PRODUCT = YES;
			};
			name = Release;
		};
		54B3190B2548D86200636407 /* Debug */ = {
			isa = XCBuildConfiguration;
			buildSettings = {
				ASSETCATALOG_COMPILER_APPICON_NAME = AppIcon;
				ASSETCATALOG_COMPILER_GLOBAL_ACCENT_COLOR_NAME = AccentColor;
				CODE_SIGN_STYLE = Automatic;
				DEVELOPMENT_TEAM = 6HWDL548KP;
				INFOPLIST_FILE = Cartoes/Info.plist;
				LD_RUNPATH_SEARCH_PATHS = (
					"$(inherited)",
					"@executable_path/Frameworks",
				);
				PRODUCT_BUNDLE_IDENTIFIER = "Digital-House.Cartoes";
				PRODUCT_NAME = "$(TARGET_NAME)";
				SWIFT_VERSION = 5.0;
				TARGETED_DEVICE_FAMILY = "1,2";
			};
			name = Debug;
		};
		54B3190C2548D86200636407 /* Release */ = {
			isa = XCBuildConfiguration;
			buildSettings = {
				ASSETCATALOG_COMPILER_APPICON_NAME = AppIcon;
				ASSETCATALOG_COMPILER_GLOBAL_ACCENT_COLOR_NAME = AccentColor;
				CODE_SIGN_STYLE = Automatic;
				DEVELOPMENT_TEAM = 6HWDL548KP;
				INFOPLIST_FILE = Cartoes/Info.plist;
				LD_RUNPATH_SEARCH_PATHS = (
					"$(inherited)",
					"@executable_path/Frameworks",
				);
				PRODUCT_BUNDLE_IDENTIFIER = "Digital-House.Cartoes";
				PRODUCT_NAME = "$(TARGET_NAME)";
				SWIFT_VERSION = 5.0;
				TARGETED_DEVICE_FAMILY = "1,2";
			};
			name = Release;
		};
/* End XCBuildConfiguration section */

/* Begin XCConfigurationList section */
		54B318F12548D86000636407 /* Build configuration list for PBXProject "Cartoes" */ = {
			isa = XCConfigurationList;
			buildConfigurations = (
				54B319082548D86200636407 /* Debug */,
				54B319092548D86200636407 /* Release */,
			);
			defaultConfigurationIsVisible = 0;
			defaultConfigurationName = Release;
		};
		54B3190A2548D86200636407 /* Build configuration list for PBXNativeTarget "Cartoes" */ = {
			isa = XCConfigurationList;
			buildConfigurations = (
				54B3190B2548D86200636407 /* Debug */,
				54B3190C2548D86200636407 /* Release */,
			);
			defaultConfigurationIsVisible = 0;
			defaultConfigurationName = Release;
		};
/* End XCConfigurationList section */
	};
	rootObject = 54B318EE2548D86000636407 /* Project object */;
}
