// !$*UTF8*$!
{
	archiveVersion = 1;
	classes = {
	};
	objectVersion = 50;
	objects = {

/* Begin PBXBuildFile section */
		54BBF89A251AAEBF003327D7 /* AppDelegate.swift in Sources */ = {isa = PBXBuildFile; fileRef = 54BBF899251AAEBF003327D7 /* AppDelegate.swift */; };
		54BBF89C251AAEBF003327D7 /* SceneDelegate.swift in Sources */ = {isa = PBXBuildFile; fileRef = 54BBF89B251AAEBF003327D7 /* SceneDelegate.swift */; };
		54BBF89E251AAEBF003327D7 /* ViewController.swift in Sources */ = {isa = PBXBuildFile; fileRef = 54BBF89D251AAEBF003327D7 /* ViewController.swift */; };
		54BBF8A1251AAEBF003327D7 /* Main.storyboard in Resources */ = {isa = PBXBuildFile; fileRef = 54BBF89F251AAEBF003327D7 /* Main.storyboard */; };
		54BBF8A3251AAEC2003327D7 /* Assets.xcassets in Resources */ = {isa = PBXBuildFile; fileRef = 54BBF8A2251AAEC2003327D7 /* Assets.xcassets */; };
		54BBF8A6251AAEC2003327D7 /* LaunchScreen.storyboard in Resources */ = {isa = PBXBuildFile; fileRef = 54BBF8A4251AAEC2003327D7 /* LaunchScreen.storyboard */; };
		54BBF8B1251AAEC2003327D7 /* PickerViewTests.swift in Sources */ = {isa = PBXBuildFile; fileRef = 54BBF8B0251AAEC2003327D7 /* PickerViewTests.swift */; };
		54BBF8BC251AAEC2003327D7 /* PickerViewUITests.swift in Sources */ = {isa = PBXBuildFile; fileRef = 54BBF8BB251AAEC2003327D7 /* PickerViewUITests.swift */; };
/* End PBXBuildFile section */

/* Begin PBXContainerItemProxy section */
		54BBF8AD251AAEC2003327D7 /* PBXContainerItemProxy */ = {
			isa = PBXContainerItemProxy;
			containerPortal = 54BBF88E251AAEBF003327D7 /* Project object */;
			proxyType = 1;
			remoteGlobalIDString = 54BBF895251AAEBF003327D7;
			remoteInfo = PickerView;
		};
		54BBF8B8251AAEC2003327D7 /* PBXContainerItemProxy */ = {
			isa = PBXContainerItemProxy;
			containerPortal = 54BBF88E251AAEBF003327D7 /* Project object */;
			proxyType = 1;
			remoteGlobalIDString = 54BBF895251AAEBF003327D7;
			remoteInfo = PickerView;
		};
/* End PBXContainerItemProxy section */

/* Begin PBXFileReference section */
		54BBF896251AAEBF003327D7 /* PickerView.app */ = {isa = PBXFileReference; explicitFileType = wrapper.application; includeInIndex = 0; path = PickerView.app; sourceTree = BUILT_PRODUCTS_DIR; };
		54BBF899251AAEBF003327D7 /* AppDelegate.swift */ = {isa = PBXFileReference; lastKnownFileType = sourcecode.swift; path = AppDelegate.swift; sourceTree = "<group>"; };
		54BBF89B251AAEBF003327D7 /* SceneDelegate.swift */ = {isa = PBXFileReference; lastKnownFileType = sourcecode.swift; path = SceneDelegate.swift; sourceTree = "<group>"; };
		54BBF89D251AAEBF003327D7 /* ViewController.swift */ = {isa = PBXFileReference; lastKnownFileType = sourcecode.swift; path = ViewController.swift; sourceTree = "<group>"; };
		54BBF8A0251AAEBF003327D7 /* Base */ = {isa = PBXFileReference; lastKnownFileType = file.storyboard; name = Base; path = Base.lproj/Main.storyboard; sourceTree = "<group>"; };
		54BBF8A2251AAEC2003327D7 /* Assets.xcassets */ = {isa = PBXFileReference; lastKnownFileType = folder.assetcatalog; path = Assets.xcassets; sourceTree = "<group>"; };
		54BBF8A5251AAEC2003327D7 /* Base */ = {isa = PBXFileReference; lastKnownFileType = file.storyboard; name = Base; path = Base.lproj/LaunchScreen.storyboard; sourceTree = "<group>"; };
		54BBF8A7251AAEC2003327D7 /* Info.plist */ = {isa = PBXFileReference; lastKnownFileType = text.plist.xml; path = Info.plist; sourceTree = "<group>"; };
		54BBF8AC251AAEC2003327D7 /* PickerViewTests.xctest */ = {isa = PBXFileReference; explicitFileType = wrapper.cfbundle; includeInIndex = 0; path = PickerViewTests.xctest; sourceTree = BUILT_PRODUCTS_DIR; };
		54BBF8B0251AAEC2003327D7 /* PickerViewTests.swift */ = {isa = PBXFileReference; lastKnownFileType = sourcecode.swift; path = PickerViewTests.swift; sourceTree = "<group>"; };
		54BBF8B2251AAEC2003327D7 /* Info.plist */ = {isa = PBXFileReference; lastKnownFileType = text.plist.xml; path = Info.plist; sourceTree = "<group>"; };
		54BBF8B7251AAEC2003327D7 /* PickerViewUITests.xctest */ = {isa = PBXFileReference; explicitFileType = wrapper.cfbundle; includeInIndex = 0; path = PickerViewUITests.xctest; sourceTree = BUILT_PRODUCTS_DIR; };
		54BBF8BB251AAEC2003327D7 /* PickerViewUITests.swift */ = {isa = PBXFileReference; lastKnownFileType = sourcecode.swift; path = PickerViewUITests.swift; sourceTree = "<group>"; };
		54BBF8BD251AAEC2003327D7 /* Info.plist */ = {isa = PBXFileReference; lastKnownFileType = text.plist.xml; path = Info.plist; sourceTree = "<group>"; };
/* End PBXFileReference section */

/* Begin PBXFrameworksBuildPhase section */
		54BBF893251AAEBF003327D7 /* Frameworks */ = {
			isa = PBXFrameworksBuildPhase;
			buildActionMask = 2147483647;
			files = (
			);
			runOnlyForDeploymentPostprocessing = 0;
		};
		54BBF8A9251AAEC2003327D7 /* Frameworks */ = {
			isa = PBXFrameworksBuildPhase;
			buildActionMask = 2147483647;
			files = (
			);
			runOnlyForDeploymentPostprocessing = 0;
		};
		54BBF8B4251AAEC2003327D7 /* Frameworks */ = {
			isa = PBXFrameworksBuildPhase;
			buildActionMask = 2147483647;
			files = (
			);
			runOnlyForDeploymentPostprocessing = 0;
		};
/* End PBXFrameworksBuildPhase section */

/* Begin PBXGroup section */
		54BBF88D251AAEBF003327D7 = {
			isa = PBXGroup;
			children = (
				54BBF898251AAEBF003327D7 /* PickerView */,
				54BBF8AF251AAEC2003327D7 /* PickerViewTests */,
				54BBF8BA251AAEC2003327D7 /* PickerViewUITests */,
				54BBF897251AAEBF003327D7 /* Products */,
			);
			sourceTree = "<group>";
		};
		54BBF897251AAEBF003327D7 /* Products */ = {
			isa = PBXGroup;
			children = (
				54BBF896251AAEBF003327D7 /* PickerView.app */,
				54BBF8AC251AAEC2003327D7 /* PickerViewTests.xctest */,
				54BBF8B7251AAEC2003327D7 /* PickerViewUITests.xctest */,
			);
			name = Products;
			sourceTree = "<group>";
		};
		54BBF898251AAEBF003327D7 /* PickerView */ = {
			isa = PBXGroup;
			children = (
				54BBF899251AAEBF003327D7 /* AppDelegate.swift */,
				54BBF89B251AAEBF003327D7 /* SceneDelegate.swift */,
				54BBF89D251AAEBF003327D7 /* ViewController.swift */,
				54BBF89F251AAEBF003327D7 /* Main.storyboard */,
				54BBF8A2251AAEC2003327D7 /* Assets.xcassets */,
				54BBF8A4251AAEC2003327D7 /* LaunchScreen.storyboard */,
				54BBF8A7251AAEC2003327D7 /* Info.plist */,
			);
			path = PickerView;
			sourceTree = "<group>";
		};
		54BBF8AF251AAEC2003327D7 /* PickerViewTests */ = {
			isa = PBXGroup;
			children = (
				54BBF8B0251AAEC2003327D7 /* PickerViewTests.swift */,
				54BBF8B2251AAEC2003327D7 /* Info.plist */,
			);
			path = PickerViewTests;
			sourceTree = "<group>";
		};
		54BBF8BA251AAEC2003327D7 /* PickerViewUITests */ = {
			isa = PBXGroup;
			children = (
				54BBF8BB251AAEC2003327D7 /* PickerViewUITests.swift */,
				54BBF8BD251AAEC2003327D7 /* Info.plist */,
			);
			path = PickerViewUITests;
			sourceTree = "<group>";
		};
/* End PBXGroup section */

/* Begin PBXNativeTarget section */
		54BBF895251AAEBF003327D7 /* PickerView */ = {
			isa = PBXNativeTarget;
			buildConfigurationList = 54BBF8C0251AAEC2003327D7 /* Build configuration list for PBXNativeTarget "PickerView" */;
			buildPhases = (
				54BBF892251AAEBF003327D7 /* Sources */,
				54BBF893251AAEBF003327D7 /* Frameworks */,
				54BBF894251AAEBF003327D7 /* Resources */,
			);
			buildRules = (
			);
			dependencies = (
			);
			name = PickerView;
			productName = PickerView;
			productReference = 54BBF896251AAEBF003327D7 /* PickerView.app */;
			productType = "com.apple.product-type.application";
		};
		54BBF8AB251AAEC2003327D7 /* PickerViewTests */ = {
			isa = PBXNativeTarget;
			buildConfigurationList = 54BBF8C3251AAEC2003327D7 /* Build configuration list for PBXNativeTarget "PickerViewTests" */;
			buildPhases = (
				54BBF8A8251AAEC2003327D7 /* Sources */,
				54BBF8A9251AAEC2003327D7 /* Frameworks */,
				54BBF8AA251AAEC2003327D7 /* Resources */,
			);
			buildRules = (
			);
			dependencies = (
				54BBF8AE251AAEC2003327D7 /* PBXTargetDependency */,
			);
			name = PickerViewTests;
			productName = PickerViewTests;
			productReference = 54BBF8AC251AAEC2003327D7 /* PickerViewTests.xctest */;
			productType = "com.apple.product-type.bundle.unit-test";
		};
		54BBF8B6251AAEC2003327D7 /* PickerViewUITests */ = {
			isa = PBXNativeTarget;
			buildConfigurationList = 54BBF8C6251AAEC2003327D7 /* Build configuration list for PBXNativeTarget "PickerViewUITests" */;
			buildPhases = (
				54BBF8B3251AAEC2003327D7 /* Sources */,
				54BBF8B4251AAEC2003327D7 /* Frameworks */,
				54BBF8B5251AAEC2003327D7 /* Resources */,
			);
			buildRules = (
			);
			dependencies = (
				54BBF8B9251AAEC2003327D7 /* PBXTargetDependency */,
			);
			name = PickerViewUITests;
			productName = PickerViewUITests;
			productReference = 54BBF8B7251AAEC2003327D7 /* PickerViewUITests.xctest */;
			productType = "com.apple.product-type.bundle.ui-testing";
		};
/* End PBXNativeTarget section */

/* Begin PBXProject section */
		54BBF88E251AAEBF003327D7 /* Project object */ = {
			isa = PBXProject;
			attributes = {
				LastSwiftUpdateCheck = 1200;
				LastUpgradeCheck = 1200;
				TargetAttributes = {
					54BBF895251AAEBF003327D7 = {
						CreatedOnToolsVersion = 12.0;
					};
					54BBF8AB251AAEC2003327D7 = {
						CreatedOnToolsVersion = 12.0;
						TestTargetID = 54BBF895251AAEBF003327D7;
					};
					54BBF8B6251AAEC2003327D7 = {
						CreatedOnToolsVersion = 12.0;
						TestTargetID = 54BBF895251AAEBF003327D7;
					};
				};
			};
			buildConfigurationList = 54BBF891251AAEBF003327D7 /* Build configuration list for PBXProject "PickerView" */;
			compatibilityVersion = "Xcode 9.3";
			developmentRegion = en;
			hasScannedForEncodings = 0;
			knownRegions = (
				en,
				Base,
			);
			mainGroup = 54BBF88D251AAEBF003327D7;
			productRefGroup = 54BBF897251AAEBF003327D7 /* Products */;
			projectDirPath = "";
			projectRoot = "";
			targets = (
				54BBF895251AAEBF003327D7 /* PickerView */,
				54BBF8AB251AAEC2003327D7 /* PickerViewTests */,
				54BBF8B6251AAEC2003327D7 /* PickerViewUITests */,
			);
		};
/* End PBXProject section */

/* Begin PBXResourcesBuildPhase section */
		54BBF894251AAEBF003327D7 /* Resources */ = {
			isa = PBXResourcesBuildPhase;
			buildActionMask = 2147483647;
			files = (
				54BBF8A6251AAEC2003327D7 /* LaunchScreen.storyboard in Resources */,
				54BBF8A3251AAEC2003327D7 /* Assets.xcassets in Resources */,
				54BBF8A1251AAEBF003327D7 /* Main.storyboard in Resources */,
			);
			runOnlyForDeploymentPostprocessing = 0;
		};
		54BBF8AA251AAEC2003327D7 /* Resources */ = {
			isa = PBXResourcesBuildPhase;
			buildActionMask = 2147483647;
			files = (
			);
			runOnlyForDeploymentPostprocessing = 0;
		};
		54BBF8B5251AAEC2003327D7 /* Resources */ = {
			isa = PBXResourcesBuildPhase;
			buildActionMask = 2147483647;
			files = (
			);
			runOnlyForDeploymentPostprocessing = 0;
		};
/* End PBXResourcesBuildPhase section */

/* Begin PBXSourcesBuildPhase section */
		54BBF892251AAEBF003327D7 /* Sources */ = {
			isa = PBXSourcesBuildPhase;
			buildActionMask = 2147483647;
			files = (
				54BBF89E251AAEBF003327D7 /* ViewController.swift in Sources */,
				54BBF89A251AAEBF003327D7 /* AppDelegate.swift in Sources */,
				54BBF89C251AAEBF003327D7 /* SceneDelegate.swift in Sources */,
			);
			runOnlyForDeploymentPostprocessing = 0;
		};
		54BBF8A8251AAEC2003327D7 /* Sources */ = {
			isa = PBXSourcesBuildPhase;
			buildActionMask = 2147483647;
			files = (
				54BBF8B1251AAEC2003327D7 /* PickerViewTests.swift in Sources */,
			);
			runOnlyForDeploymentPostprocessing = 0;
		};
		54BBF8B3251AAEC2003327D7 /* Sources */ = {
			isa = PBXSourcesBuildPhase;
			buildActionMask = 2147483647;
			files = (
				54BBF8BC251AAEC2003327D7 /* PickerViewUITests.swift in Sources */,
			);
			runOnlyForDeploymentPostprocessing = 0;
		};
/* End PBXSourcesBuildPhase section */

/* Begin PBXTargetDependency section */
		54BBF8AE251AAEC2003327D7 /* PBXTargetDependency */ = {
			isa = PBXTargetDependency;
			target = 54BBF895251AAEBF003327D7 /* PickerView */;
			targetProxy = 54BBF8AD251AAEC2003327D7 /* PBXContainerItemProxy */;
		};
		54BBF8B9251AAEC2003327D7 /* PBXTargetDependency */ = {
			isa = PBXTargetDependency;
			target = 54BBF895251AAEBF003327D7 /* PickerView */;
			targetProxy = 54BBF8B8251AAEC2003327D7 /* PBXContainerItemProxy */;
		};
/* End PBXTargetDependency section */

/* Begin PBXVariantGroup section */
		54BBF89F251AAEBF003327D7 /* Main.storyboard */ = {
			isa = PBXVariantGroup;
			children = (
				54BBF8A0251AAEBF003327D7 /* Base */,
			);
			name = Main.storyboard;
			sourceTree = "<group>";
		};
		54BBF8A4251AAEC2003327D7 /* LaunchScreen.storyboard */ = {
			isa = PBXVariantGroup;
			children = (
				54BBF8A5251AAEC2003327D7 /* Base */,
			);
			name = LaunchScreen.storyboard;
			sourceTree = "<group>";
		};
/* End PBXVariantGroup section */

/* Begin XCBuildConfiguration section */
		54BBF8BE251AAEC2003327D7 /* Debug */ = {
			isa = XCBuildConfiguration;
			buildSettings = {
				ALWAYS_SEARCH_USER_PATHS = NO;
				CLANG_ANALYZER_NONNULL = YES;
				CLANG_ANALYZER_NUMBER_OBJECT_CONVERSION = YES_AGGRESSIVE;
				CLANG_CXX_LANGUAGE_STANDARD = "gnu++14";
				CLANG_CXX_LIBRARY = "libc++";
				CLANG_ENABLE_MODULES = YES;
				CLANG_ENABLE_OBJC_ARC = YES;
				CLANG_ENABLE_OBJC_WEAK = YES;
				CLANG_WARN_BLOCK_CAPTURE_AUTORELEASING = YES;
				CLANG_WARN_BOOL_CONVERSION = YES;
				CLANG_WARN_COMMA = YES;
				CLANG_WARN_CONSTANT_CONVERSION = YES;
				CLANG_WARN_DEPRECATED_OBJC_IMPLEMENTATIONS = YES;
				CLANG_WARN_DIRECT_OBJC_ISA_USAGE = YES_ERROR;
				CLANG_WARN_DOCUMENTATION_COMMENTS = YES;
				CLANG_WARN_EMPTY_BODY = YES;
				CLANG_WARN_ENUM_CONVERSION = YES;
				CLANG_WARN_INFINITE_RECURSION = YES;
				CLANG_WARN_INT_CONVERSION = YES;
				CLANG_WARN_NON_LITERAL_NULL_CONVERSION = YES;
				CLANG_WARN_OBJC_IMPLICIT_RETAIN_SELF = YES;
				CLANG_WARN_OBJC_LITERAL_CONVERSION = YES;
				CLANG_WARN_OBJC_ROOT_CLASS = YES_ERROR;
				CLANG_WARN_QUOTED_INCLUDE_IN_FRAMEWORK_HEADER = YES;
				CLANG_WARN_RANGE_LOOP_ANALYSIS = YES;
				CLANG_WARN_STRICT_PROTOTYPES = YES;
				CLANG_WARN_SUSPICIOUS_MOVE = YES;
				CLANG_WARN_UNGUARDED_AVAILABILITY = YES_AGGRESSIVE;
				CLANG_WARN_UNREACHABLE_CODE = YES;
				CLANG_WARN__DUPLICATE_METHOD_MATCH = YES;
				COPY_PHASE_STRIP = NO;
				DEBUG_INFORMATION_FORMAT = dwarf;
				ENABLE_STRICT_OBJC_MSGSEND = YES;
				ENABLE_TESTABILITY = YES;
				GCC_C_LANGUAGE_STANDARD = gnu11;
				GCC_DYNAMIC_NO_PIC = NO;
				GCC_NO_COMMON_BLOCKS = YES;
				GCC_OPTIMIZATION_LEVEL = 0;
				GCC_PREPROCESSOR_DEFINITIONS = (
					"DEBUG=1",
					"$(inherited)",
				);
				GCC_WARN_64_TO_32_BIT_CONVERSION = YES;
				GCC_WARN_ABOUT_RETURN_TYPE = YES_ERROR;
				GCC_WARN_UNDECLARED_SELECTOR = YES;
				GCC_WARN_UNINITIALIZED_AUTOS = YES_AGGRESSIVE;
				GCC_WARN_UNUSED_FUNCTION = YES;
				GCC_WARN_UNUSED_VARIABLE = YES;
				IPHONEOS_DEPLOYMENT_TARGET = 14.0;
				MTL_ENABLE_DEBUG_INFO = INCLUDE_SOURCE;
				MTL_FAST_MATH = YES;
				ONLY_ACTIVE_ARCH = YES;
				SDKROOT = iphoneos;
				SWIFT_ACTIVE_COMPILATION_CONDITIONS = DEBUG;
				SWIFT_OPTIMIZATION_LEVEL = "-Onone";
			};
			name = Debug;
		};
		54BBF8BF251AAEC2003327D7 /* Release */ = {
			isa = XCBuildConfiguration;
			buildSettings = {
				ALWAYS_SEARCH_USER_PATHS = NO;
				CLANG_ANALYZER_NONNULL = YES;
				CLANG_ANALYZER_NUMBER_OBJECT_CONVERSION = YES_AGGRESSIVE;
				CLANG_CXX_LANGUAGE_STANDARD = "gnu++14";
				CLANG_CXX_LIBRARY = "libc++";
				CLANG_ENABLE_MODULES = YES;
				CLANG_ENABLE_OBJC_ARC = YES;
				CLANG_ENABLE_OBJC_WEAK = YES;
				CLANG_WARN_BLOCK_CAPTURE_AUTORELEASING = YES;
				CLANG_WARN_BOOL_CONVERSION = YES;
				CLANG_WARN_COMMA = YES;
				CLANG_WARN_CONSTANT_CONVERSION = YES;
				CLANG_WARN_DEPRECATED_OBJC_IMPLEMENTATIONS = YES;
				CLANG_WARN_DIRECT_OBJC_ISA_USAGE = YES_ERROR;
				CLANG_WARN_DOCUMENTATION_COMMENTS = YES;
				CLANG_WARN_EMPTY_BODY = YES;
				CLANG_WARN_ENUM_CONVERSION = YES;
				CLANG_WARN_INFINITE_RECURSION = YES;
				CLANG_WARN_INT_CONVERSION = YES;
				CLANG_WARN_NON_LITERAL_NULL_CONVERSION = YES;
				CLANG_WARN_OBJC_IMPLICIT_RETAIN_SELF = YES;
				CLANG_WARN_OBJC_LITERAL_CONVERSION = YES;
				CLANG_WARN_OBJC_ROOT_CLASS = YES_ERROR;
				CLANG_WARN_QUOTED_INCLUDE_IN_FRAMEWORK_HEADER = YES;
				CLANG_WARN_RANGE_LOOP_ANALYSIS = YES;
				CLANG_WARN_STRICT_PROTOTYPES = YES;
				CLANG_WARN_SUSPICIOUS_MOVE = YES;
				CLANG_WARN_UNGUARDED_AVAILABILITY = YES_AGGRESSIVE;
				CLANG_WARN_UNREACHABLE_CODE = YES;
				CLANG_WARN__DUPLICATE_METHOD_MATCH = YES;
				COPY_PHASE_STRIP = NO;
				DEBUG_INFORMATION_FORMAT = "dwarf-with-dsym";
				ENABLE_NS_ASSERTIONS = NO;
				ENABLE_STRICT_OBJC_MSGSEND = YES;
				GCC_C_LANGUAGE_STANDARD = gnu11;
				GCC_NO_COMMON_BLOCKS = YES;
				GCC_WARN_64_TO_32_BIT_CONVERSION = YES;
				GCC_WARN_ABOUT_RETURN_TYPE = YES_ERROR;
				GCC_WARN_UNDECLARED_SELECTOR = YES;
				GCC_WARN_UNINITIALIZED_AUTOS = YES_AGGRESSIVE;
				GCC_WARN_UNUSED_FUNCTION = YES;
				GCC_WARN_UNUSED_VARIABLE = YES;
				IPHONEOS_DEPLOYMENT_TARGET = 14.0;
				MTL_ENABLE_DEBUG_INFO = NO;
				MTL_FAST_MATH = YES;
				SDKROOT = iphoneos;
				SWIFT_COMPILATION_MODE = wholemodule;
				SWIFT_OPTIMIZATION_LEVEL = "-O";
				VALIDATE_PRODUCT = YES;
			};
			name = Release;
		};
		54BBF8C1251AAEC2003327D7 /* Debug */ = {
			isa = XCBuildConfiguration;
			buildSettings = {
				ASSETCATALOG_COMPILER_APPICON_NAME = AppIcon;
				ASSETCATALOG_COMPILER_GLOBAL_ACCENT_COLOR_NAME = AccentColor;
				CODE_SIGN_STYLE = Automatic;
				INFOPLIST_FILE = PickerView/Info.plist;
				LD_RUNPATH_SEARCH_PATHS = (
					"$(inherited)",
					"@executable_path/Frameworks",
				);
				PRODUCT_BUNDLE_IDENTIFIER = "Digital-House.PickerView";
				PRODUCT_NAME = "$(TARGET_NAME)";
				SWIFT_VERSION = 5.0;
				TARGETED_DEVICE_FAMILY = "1,2";
			};
			name = Debug;
		};
		54BBF8C2251AAEC2003327D7 /* Release */ = {
			isa = XCBuildConfiguration;
			buildSettings = {
				ASSETCATALOG_COMPILER_APPICON_NAME = AppIcon;
				ASSETCATALOG_COMPILER_GLOBAL_ACCENT_COLOR_NAME = AccentColor;
				CODE_SIGN_STYLE = Automatic;
				INFOPLIST_FILE = PickerView/Info.plist;
				LD_RUNPATH_SEARCH_PATHS = (
					"$(inherited)",
					"@executable_path/Frameworks",
				);
				PRODUCT_BUNDLE_IDENTIFIER = "Digital-House.PickerView";
				PRODUCT_NAME = "$(TARGET_NAME)";
				SWIFT_VERSION = 5.0;
				TARGETED_DEVICE_FAMILY = "1,2";
			};
			name = Release;
		};
		54BBF8C4251AAEC2003327D7 /* Debug */ = {
			isa = XCBuildConfiguration;
			buildSettings = {
				ALWAYS_EMBED_SWIFT_STANDARD_LIBRARIES = YES;
				BUNDLE_LOADER = "$(TEST_HOST)";
				CODE_SIGN_STYLE = Automatic;
				INFOPLIST_FILE = PickerViewTests/Info.plist;
				IPHONEOS_DEPLOYMENT_TARGET = 14.0;
				LD_RUNPATH_SEARCH_PATHS = (
					"$(inherited)",
					"@executable_path/Frameworks",
					"@loader_path/Frameworks",
				);
				PRODUCT_BUNDLE_IDENTIFIER = "Digital-House.PickerViewTests";
				PRODUCT_NAME = "$(TARGET_NAME)";
				SWIFT_VERSION = 5.0;
				TARGETED_DEVICE_FAMILY = "1,2";
				TEST_HOST = "$(BUILT_PRODUCTS_DIR)/PickerView.app/PickerView";
			};
			name = Debug;
		};
		54BBF8C5251AAEC2003327D7 /* Release */ = {
			isa = XCBuildConfiguration;
			buildSettings = {
				ALWAYS_EMBED_SWIFT_STANDARD_LIBRARIES = YES;
				BUNDLE_LOADER = "$(TEST_HOST)";
				CODE_SIGN_STYLE = Automatic;
				INFOPLIST_FILE = PickerViewTests/Info.plist;
				IPHONEOS_DEPLOYMENT_TARGET = 14.0;
				LD_RUNPATH_SEARCH_PATHS = (
					"$(inherited)",
					"@executable_path/Frameworks",
					"@loader_path/Frameworks",
				);
				PRODUCT_BUNDLE_IDENTIFIER = "Digital-House.PickerViewTests";
				PRODUCT_NAME = "$(TARGET_NAME)";
				SWIFT_VERSION = 5.0;
				TARGETED_DEVICE_FAMILY = "1,2";
				TEST_HOST = "$(BUILT_PRODUCTS_DIR)/PickerView.app/PickerView";
			};
			name = Release;
		};
		54BBF8C7251AAEC2003327D7 /* Debug */ = {
			isa = XCBuildConfiguration;
			buildSettings = {
				ALWAYS_EMBED_SWIFT_STANDARD_LIBRARIES = YES;
				CODE_SIGN_STYLE = Automatic;
				INFOPLIST_FILE = PickerViewUITests/Info.plist;
				LD_RUNPATH_SEARCH_PATHS = (
					"$(inherited)",
					"@executable_path/Frameworks",
					"@loader_path/Frameworks",
				);
				PRODUCT_BUNDLE_IDENTIFIER = "Digital-House.PickerViewUITests";
				PRODUCT_NAME = "$(TARGET_NAME)";
				SWIFT_VERSION = 5.0;
				TARGETED_DEVICE_FAMILY = "1,2";
				TEST_TARGET_NAME = PickerView;
			};
			name = Debug;
		};
		54BBF8C8251AAEC2003327D7 /* Release */ = {
			isa = XCBuildConfiguration;
			buildSettings = {
				ALWAYS_EMBED_SWIFT_STANDARD_LIBRARIES = YES;
				CODE_SIGN_STYLE = Automatic;
				INFOPLIST_FILE = PickerViewUITests/Info.plist;
				LD_RUNPATH_SEARCH_PATHS = (
					"$(inherited)",
					"@executable_path/Frameworks",
					"@loader_path/Frameworks",
				);
				PRODUCT_BUNDLE_IDENTIFIER = "Digital-House.PickerViewUITests";
				PRODUCT_NAME = "$(TARGET_NAME)";
				SWIFT_VERSION = 5.0;
				TARGETED_DEVICE_FAMILY = "1,2";
				TEST_TARGET_NAME = PickerView;
			};
			name = Release;
		};
/* End XCBuildConfiguration section */

/* Begin XCConfigurationList section */
		54BBF891251AAEBF003327D7 /* Build configuration list for PBXProject "PickerView" */ = {
			isa = XCConfigurationList;
			buildConfigurations = (
				54BBF8BE251AAEC2003327D7 /* Debug */,
				54BBF8BF251AAEC2003327D7 /* Release */,
			);
			defaultConfigurationIsVisible = 0;
			defaultConfigurationName = Release;
		};
		54BBF8C0251AAEC2003327D7 /* Build configuration list for PBXNativeTarget "PickerView" */ = {
			isa = XCConfigurationList;
			buildConfigurations = (
				54BBF8C1251AAEC2003327D7 /* Debug */,
				54BBF8C2251AAEC2003327D7 /* Release */,
			);
			defaultConfigurationIsVisible = 0;
			defaultConfigurationName = Release;
		};
		54BBF8C3251AAEC2003327D7 /* Build configuration list for PBXNativeTarget "PickerViewTests" */ = {
			isa = XCConfigurationList;
			buildConfigurations = (
				54BBF8C4251AAEC2003327D7 /* Debug */,
				54BBF8C5251AAEC2003327D7 /* Release */,
			);
			defaultConfigurationIsVisible = 0;
			defaultConfigurationName = Release;
		};
		54BBF8C6251AAEC2003327D7 /* Build configuration list for PBXNativeTarget "PickerViewUITests" */ = {
			isa = XCConfigurationList;
			buildConfigurations = (
				54BBF8C7251AAEC2003327D7 /* Debug */,
				54BBF8C8251AAEC2003327D7 /* Release */,
			);
			defaultConfigurationIsVisible = 0;
			defaultConfigurationName = Release;
		};
/* End XCConfigurationList section */
	};
	rootObject = 54BBF88E251AAEBF003327D7 /* Project object */;
}
