// !$*UTF8*$!
{
	archiveVersion = 1;
	classes = {
	};
	objectVersion = 50;
	objects = {

/* Begin PBXBuildFile section */
		546F08A424D8C9D700CC5BAF /* AppDelegate.swift in Sources */ = {isa = PBXBuildFile; fileRef = 546F08A324D8C9D700CC5BAF /* AppDelegate.swift */; };
		546F08A624D8C9D700CC5BAF /* SceneDelegate.swift in Sources */ = {isa = PBXBuildFile; fileRef = 546F08A524D8C9D700CC5BAF /* SceneDelegate.swift */; };
		546F08A824D8C9D700CC5BAF /* ViewController.swift in Sources */ = {isa = PBXBuildFile; fileRef = 546F08A724D8C9D700CC5BAF /* ViewController.swift */; };
		546F08AB24D8C9D700CC5BAF /* Main.storyboard in Resources */ = {isa = PBXBuildFile; fileRef = 546F08A924D8C9D700CC5BAF /* Main.storyboard */; };
		546F08AD24D8C9DB00CC5BAF /* Assets.xcassets in Resources */ = {isa = PBXBuildFile; fileRef = 546F08AC24D8C9DB00CC5BAF /* Assets.xcassets */; };
		546F08B024D8C9DB00CC5BAF /* LaunchScreen.storyboard in Resources */ = {isa = PBXBuildFile; fileRef = 546F08AE24D8C9DB00CC5BAF /* LaunchScreen.storyboard */; };
/* End PBXBuildFile section */

/* Begin PBXFileReference section */
		546F08A024D8C9D700CC5BAF /* Animais.app */ = {isa = PBXFileReference; explicitFileType = wrapper.application; includeInIndex = 0; path = Animais.app; sourceTree = BUILT_PRODUCTS_DIR; };
		546F08A324D8C9D700CC5BAF /* AppDelegate.swift */ = {isa = PBXFileReference; lastKnownFileType = sourcecode.swift; path = AppDelegate.swift; sourceTree = "<group>"; };
		546F08A524D8C9D700CC5BAF /* SceneDelegate.swift */ = {isa = PBXFileReference; lastKnownFileType = sourcecode.swift; path = SceneDelegate.swift; sourceTree = "<group>"; };
		546F08A724D8C9D700CC5BAF /* ViewController.swift */ = {isa = PBXFileReference; lastKnownFileType = sourcecode.swift; path = ViewController.swift; sourceTree = "<group>"; };
		546F08AA24D8C9D700CC5BAF /* Base */ = {isa = PBXFileReference; lastKnownFileType = file.storyboard; name = Base; path = Base.lproj/Main.storyboard; sourceTree = "<group>"; };
		546F08AC24D8C9DB00CC5BAF /* Assets.xcassets */ = {isa = PBXFileReference; lastKnownFileType = folder.assetcatalog; path = Assets.xcassets; sourceTree = "<group>"; };
		546F08AF24D8C9DB00CC5BAF /* Base */ = {isa = PBXFileReference; lastKnownFileType = file.storyboard; name = Base; path = Base.lproj/LaunchScreen.storyboard; sourceTree = "<group>"; };
		546F08B124D8C9DB00CC5BAF /* Info.plist */ = {isa = PBXFileReference; lastKnownFileType = text.plist.xml; path = Info.plist; sourceTree = "<group>"; };
/* End PBXFileReference section */

/* Begin PBXFrameworksBuildPhase section */
		546F089D24D8C9D700CC5BAF /* Frameworks */ = {
			isa = PBXFrameworksBuildPhase;
			buildActionMask = 2147483647;
			files = (
			);
			runOnlyForDeploymentPostprocessing = 0;
		};
/* End PBXFrameworksBuildPhase section */

/* Begin PBXGroup section */
		546F089724D8C9D700CC5BAF = {
			isa = PBXGroup;
			children = (
				546F08A224D8C9D700CC5BAF /* Animais */,
				546F08A124D8C9D700CC5BAF /* Products */,
			);
			sourceTree = "<group>";
		};
		546F08A124D8C9D700CC5BAF /* Products */ = {
			isa = PBXGroup;
			children = (
				546F08A024D8C9D700CC5BAF /* Animais.app */,
			);
			name = Products;
			sourceTree = "<group>";
		};
		546F08A224D8C9D700CC5BAF /* Animais */ = {
			isa = PBXGroup;
			children = (
				546F08A324D8C9D700CC5BAF /* AppDelegate.swift */,
				546F08A524D8C9D700CC5BAF /* SceneDelegate.swift */,
				546F08A724D8C9D700CC5BAF /* ViewController.swift */,
				546F08A924D8C9D700CC5BAF /* Main.storyboard */,
				546F08AC24D8C9DB00CC5BAF /* Assets.xcassets */,
				546F08AE24D8C9DB00CC5BAF /* LaunchScreen.storyboard */,
				546F08B124D8C9DB00CC5BAF /* Info.plist */,
			);
			path = Animais;
			sourceTree = "<group>";
		};
/* End PBXGroup section */

/* Begin PBXNativeTarget section */
		546F089F24D8C9D700CC5BAF /* Animais */ = {
			isa = PBXNativeTarget;
			buildConfigurationList = 546F08B424D8C9DB00CC5BAF /* Build configuration list for PBXNativeTarget "Animais" */;
			buildPhases = (
				546F089C24D8C9D700CC5BAF /* Sources */,
				546F089D24D8C9D700CC5BAF /* Frameworks */,
				546F089E24D8C9D700CC5BAF /* Resources */,
			);
			buildRules = (
			);
			dependencies = (
			);
			name = Animais;
			productName = Animais;
			productReference = 546F08A024D8C9D700CC5BAF /* Animais.app */;
			productType = "com.apple.product-type.application";
		};
/* End PBXNativeTarget section */

/* Begin PBXProject section */
		546F089824D8C9D700CC5BAF /* Project object */ = {
			isa = PBXProject;
			attributes = {
				LastSwiftUpdateCheck = 1150;
				LastUpgradeCheck = 1150;
				ORGANIZATIONNAME = "Digital House";
				TargetAttributes = {
					546F089F24D8C9D700CC5BAF = {
						CreatedOnToolsVersion = 11.5;
					};
				};
			};
			buildConfigurationList = 546F089B24D8C9D700CC5BAF /* Build configuration list for PBXProject "Animais" */;
			compatibilityVersion = "Xcode 9.3";
			developmentRegion = en;
			hasScannedForEncodings = 0;
			knownRegions = (
				en,
				Base,
			);
			mainGroup = 546F089724D8C9D700CC5BAF;
			productRefGroup = 546F08A124D8C9D700CC5BAF /* Products */;
			projectDirPath = "";
			projectRoot = "";
			targets = (
				546F089F24D8C9D700CC5BAF /* Animais */,
			);
		};
/* End PBXProject section */

/* Begin PBXResourcesBuildPhase section */
		546F089E24D8C9D700CC5BAF /* Resources */ = {
			isa = PBXResourcesBuildPhase;
			buildActionMask = 2147483647;
			files = (
				546F08B024D8C9DB00CC5BAF /* LaunchScreen.storyboard in Resources */,
				546F08AD24D8C9DB00CC5BAF /* Assets.xcassets in Resources */,
				546F08AB24D8C9D700CC5BAF /* Main.storyboard in Resources */,
			);
			runOnlyForDeploymentPostprocessing = 0;
		};
/* End PBXResourcesBuildPhase section */

/* Begin PBXSourcesBuildPhase section */
		546F089C24D8C9D700CC5BAF /* Sources */ = {
			isa = PBXSourcesBuildPhase;
			buildActionMask = 2147483647;
			files = (
				546F08A824D8C9D700CC5BAF /* ViewController.swift in Sources */,
				546F08A424D8C9D700CC5BAF /* AppDelegate.swift in Sources */,
				546F08A624D8C9D700CC5BAF /* SceneDelegate.swift in Sources */,
			);
			runOnlyForDeploymentPostprocessing = 0;
		};
/* End PBXSourcesBuildPhase section */

/* Begin PBXVariantGroup section */
		546F08A924D8C9D700CC5BAF /* Main.storyboard */ = {
			isa = PBXVariantGroup;
			children = (
				546F08AA24D8C9D700CC5BAF /* Base */,
			);
			name = Main.storyboard;
			sourceTree = "<group>";
		};
		546F08AE24D8C9DB00CC5BAF /* LaunchScreen.storyboard */ = {
			isa = PBXVariantGroup;
			children = (
				546F08AF24D8C9DB00CC5BAF /* Base */,
			);
			name = LaunchScreen.storyboard;
			sourceTree = "<group>";
		};
/* End PBXVariantGroup section */

/* Begin XCBuildConfiguration section */
		546F08B224D8C9DB00CC5BAF /* Debug */ = {
			isa = XCBuildConfiguration;
			buildSettings = {
				ALWAYS_SEARCH_USER_PATHS = NO;
				CLANG_ANALYZER_NONNULL = YES;
				CLANG_ANALYZER_NUMBER_OBJECT_CONVERSION = YES_AGGRESSIVE;
				CLANG_CXX_LANGUAGE_STANDARD = "gnu++14";
				CLANG_CXX_LIBRARY = "libc++";
				CLANG_ENABLE_MODULES = YES;
				CLANG_ENABLE_OBJC_ARC = YES;
				CLANG_ENABLE_OBJC_WEAK = YES;
				CLANG_WARN_BLOCK_CAPTURE_AUTORELEASING = YES;
				CLANG_WARN_BOOL_CONVERSION = YES;
				CLANG_WARN_COMMA = YES;
				CLANG_WARN_CONSTANT_CONVERSION = YES;
				CLANG_WARN_DEPRECATED_OBJC_IMPLEMENTATIONS = YES;
				CLANG_WARN_DIRECT_OBJC_ISA_USAGE = YES_ERROR;
				CLANG_WARN_DOCUMENTATION_COMMENTS = YES;
				CLANG_WARN_EMPTY_BODY = YES;
				CLANG_WARN_ENUM_CONVERSION = YES;
				CLANG_WARN_INFINITE_RECURSION = YES;
				CLANG_WARN_INT_CONVERSION = YES;
				CLANG_WARN_NON_LITERAL_NULL_CONVERSION = YES;
				CLANG_WARN_OBJC_IMPLICIT_RETAIN_SELF = YES;
				CLANG_WARN_OBJC_LITERAL_CONVERSION = YES;
				CLANG_WARN_OBJC_ROOT_CLASS = YES_ERROR;
				CLANG_WARN_RANGE_LOOP_ANALYSIS = YES;
				CLANG_WARN_STRICT_PROTOTYPES = YES;
				CLANG_WARN_SUSPICIOUS_MOVE = YES;
				CLANG_WARN_UNGUARDED_AVAILABILITY = YES_AGGRESSIVE;
				CLANG_WARN_UNREACHABLE_CODE = YES;
				CLANG_WARN__DUPLICATE_METHOD_MATCH = YES;
				COPY_PHASE_STRIP = NO;
				DEBUG_INFORMATION_FORMAT = dwarf;
				ENABLE_STRICT_OBJC_MSGSEND = YES;
				ENABLE_TESTABILITY = YES;
				GCC_C_LANGUAGE_STANDARD = gnu11;
				GCC_DYNAMIC_NO_PIC = NO;
				GCC_NO_COMMON_BLOCKS = YES;
				GCC_OPTIMIZATION_LEVEL = 0;
				GCC_PREPROCESSOR_DEFINITIONS = (
					"DEBUG=1",
					"$(inherited)",
				);
				GCC_WARN_64_TO_32_BIT_CONVERSION = YES;
				GCC_WARN_ABOUT_RETURN_TYPE = YES_ERROR;
				GCC_WARN_UNDECLARED_SELECTOR = YES;
				GCC_WARN_UNINITIALIZED_AUTOS = YES_AGGRESSIVE;
				GCC_WARN_UNUSED_FUNCTION = YES;
				GCC_WARN_UNUSED_VARIABLE = YES;
				IPHONEOS_DEPLOYMENT_TARGET = 13.5;
				MTL_ENABLE_DEBUG_INFO = INCLUDE_SOURCE;
				MTL_FAST_MATH = YES;
				ONLY_ACTIVE_ARCH = YES;
				SDKROOT = iphoneos;
				SWIFT_ACTIVE_COMPILATION_CONDITIONS = DEBUG;
				SWIFT_OPTIMIZATION_LEVEL = "-Onone";
			};
			name = Debug;
		};
		546F08B324D8C9DB00CC5BAF /* Release */ = {
			isa = XCBuildConfiguration;
			buildSettings = {
				ALWAYS_SEARCH_USER_PATHS = NO;
				CLANG_ANALYZER_NONNULL = YES;
				CLANG_ANALYZER_NUMBER_OBJECT_CONVERSION = YES_AGGRESSIVE;
				CLANG_CXX_LANGUAGE_STANDARD = "gnu++14";
				CLANG_CXX_LIBRARY = "libc++";
				CLANG_ENABLE_MODULES = YES;
				CLANG_ENABLE_OBJC_ARC = YES;
				CLANG_ENABLE_OBJC_WEAK = YES;
				CLANG_WARN_BLOCK_CAPTURE_AUTORELEASING = YES;
				CLANG_WARN_BOOL_CONVERSION = YES;
				CLANG_WARN_COMMA = YES;
				CLANG_WARN_CONSTANT_CONVERSION = YES;
				CLANG_WARN_DEPRECATED_OBJC_IMPLEMENTATIONS = YES;
				CLANG_WARN_DIRECT_OBJC_ISA_USAGE = YES_ERROR;
				CLANG_WARN_DOCUMENTATION_COMMENTS = YES;
				CLANG_WARN_EMPTY_BODY = YES;
				CLANG_WARN_ENUM_CONVERSION = YES;
				CLANG_WARN_INFINITE_RECURSION = YES;
				CLANG_WARN_INT_CONVERSION = YES;
				CLANG_WARN_NON_LITERAL_NULL_CONVERSION = YES;
				CLANG_WARN_OBJC_IMPLICIT_RETAIN_SELF = YES;
				CLANG_WARN_OBJC_LITERAL_CONVERSION = YES;
				CLANG_WARN_OBJC_ROOT_CLASS = YES_ERROR;
				CLANG_WARN_RANGE_LOOP_ANALYSIS = YES;
				CLANG_WARN_STRICT_PROTOTYPES = YES;
				CLANG_WARN_SUSPICIOUS_MOVE = YES;
				CLANG_WARN_UNGUARDED_AVAILABILITY = YES_AGGRESSIVE;
				CLANG_WARN_UNREACHABLE_CODE = YES;
				CLANG_WARN__DUPLICATE_METHOD_MATCH = YES;
				COPY_PHASE_STRIP = NO;
				DEBUG_INFORMATION_FORMAT = "dwarf-with-dsym";
				ENABLE_NS_ASSERTIONS = NO;
				ENABLE_STRICT_OBJC_MSGSEND = YES;
				GCC_C_LANGUAGE_STANDARD = gnu11;
				GCC_NO_COMMON_BLOCKS = YES;
				GCC_WARN_64_TO_32_BIT_CONVERSION = YES;
				GCC_WARN_ABOUT_RETURN_TYPE = YES_ERROR;
				GCC_WARN_UNDECLARED_SELECTOR = YES;
				GCC_WARN_UNINITIALIZED_AUTOS = YES_AGGRESSIVE;
				GCC_WARN_UNUSED_FUNCTION = YES;
				GCC_WARN_UNUSED_VARIABLE = YES;
				IPHONEOS_DEPLOYMENT_TARGET = 13.5;
				MTL_ENABLE_DEBUG_INFO = NO;
				MTL_FAST_MATH = YES;
				SDKROOT = iphoneos;
				SWIFT_COMPILATION_MODE = wholemodule;
				SWIFT_OPTIMIZATION_LEVEL = "-O";
				VALIDATE_PRODUCT = YES;
			};
			name = Release;
		};
		546F08B524D8C9DB00CC5BAF /* Debug */ = {
			isa = XCBuildConfiguration;
			buildSettings = {
				ASSETCATALOG_COMPILER_APPICON_NAME = AppIcon;
				CODE_SIGN_STYLE = Automatic;
				INFOPLIST_FILE = Animais/Info.plist;
				LD_RUNPATH_SEARCH_PATHS = (
					"$(inherited)",
					"@executable_path/Frameworks",
				);
				PRODUCT_BUNDLE_IDENTIFIER = "Digital-House.Animais";
				PRODUCT_NAME = "$(TARGET_NAME)";
				SWIFT_VERSION = 5.0;
				TARGETED_DEVICE_FAMILY = "1,2";
			};
			name = Debug;
		};
		546F08B624D8C9DB00CC5BAF /* Release */ = {
			isa = XCBuildConfiguration;
			buildSettings = {
				ASSETCATALOG_COMPILER_APPICON_NAME = AppIcon;
				CODE_SIGN_STYLE = Automatic;
				INFOPLIST_FILE = Animais/Info.plist;
				LD_RUNPATH_SEARCH_PATHS = (
					"$(inherited)",
					"@executable_path/Frameworks",
				);
				PRODUCT_BUNDLE_IDENTIFIER = "Digital-House.Animais";
				PRODUCT_NAME = "$(TARGET_NAME)";
				SWIFT_VERSION = 5.0;
				TARGETED_DEVICE_FAMILY = "1,2";
			};
			name = Release;
		};
/* End XCBuildConfiguration section */

/* Begin XCConfigurationList section */
		546F089B24D8C9D700CC5BAF /* Build configuration list for PBXProject "Animais" */ = {
			isa = XCConfigurationList;
			buildConfigurations = (
				546F08B224D8C9DB00CC5BAF /* Debug */,
				546F08B324D8C9DB00CC5BAF /* Release */,
			);
			defaultConfigurationIsVisible = 0;
			defaultConfigurationName = Release;
		};
		546F08B424D8C9DB00CC5BAF /* Build configuration list for PBXNativeTarget "Animais" */ = {
			isa = XCConfigurationList;
			buildConfigurations = (
				546F08B524D8C9DB00CC5BAF /* Debug */,
				546F08B624D8C9DB00CC5BAF /* Release */,
			);
			defaultConfigurationIsVisible = 0;
			defaultConfigurationName = Release;
		};
/* End XCConfigurationList section */
	};
	rootObject = 546F089824D8C9D700CC5BAF /* Project object */;
}
